// !$*UTF8*$!
{
	archiveVersion = 1;
	classes = {
	};
	objectVersion = 46;
	objects = {

/* Begin PBXBuildFile section */
		1AC6FB1F180E996B004C840B /* libbox2d Mac.a in Frameworks */ = {isa = PBXBuildFile; fileRef = 1AC6FAFF180E9839004C840B /* libbox2d Mac.a */; };
		1AC6FB20180E996B004C840B /* libchipmunk Mac.a in Frameworks */ = {isa = PBXBuildFile; fileRef = 1AC6FAFD180E9839004C840B /* libchipmunk Mac.a */; };
		1AC6FB21180E996B004C840B /* libcocos2dx Mac.a in Frameworks */ = {isa = PBXBuildFile; fileRef = 1AC6FAF9180E9839004C840B /* libcocos2dx Mac.a */; };
		1AC6FB22180E996B004C840B /* libcocos2dx-extensions Mac.a in Frameworks */ = {isa = PBXBuildFile; fileRef = 1AC6FAFB180E9839004C840B /* libcocos2dx-extensions Mac.a */; };
		1AC6FB23180E996B004C840B /* libCocosDenshion Mac.a in Frameworks */ = {isa = PBXBuildFile; fileRef = 1AC6FB01180E9839004C840B /* libCocosDenshion Mac.a */; };
		1AC6FB2E180E99EB004C840B /* libbox2d iOS.a in Frameworks */ = {isa = PBXBuildFile; fileRef = 1AC6FB0D180E9839004C840B /* libbox2d iOS.a */; };
		1AC6FB2F180E99EB004C840B /* libchipmunk iOS.a in Frameworks */ = {isa = PBXBuildFile; fileRef = 1AC6FB0B180E9839004C840B /* libchipmunk iOS.a */; };
		1AC6FB30180E99EB004C840B /* libcocos2dx iOS.a in Frameworks */ = {isa = PBXBuildFile; fileRef = 1AC6FB07180E9839004C840B /* libcocos2dx iOS.a */; };
		1AC6FB31180E99EB004C840B /* libcocos2dx-extensions iOS.a in Frameworks */ = {isa = PBXBuildFile; fileRef = 1AC6FB09180E9839004C840B /* libcocos2dx-extensions iOS.a */; };
		1AC6FB32180E99EB004C840B /* libCocosDenshion iOS.a in Frameworks */ = {isa = PBXBuildFile; fileRef = 1AC6FB0F180E9839004C840B /* libCocosDenshion iOS.a */; };
		4E5F44901A09219000A520D0 /* AppDelegate.cpp in Sources */ = {isa = PBXBuildFile; fileRef = 4E5F44041A09219000A520D0 /* AppDelegate.cpp */; };
		4E5F44911A09219000A520D0 /* game.cpp in Sources */ = {isa = PBXBuildFile; fileRef = 4E5F44061A09219000A520D0 /* game.cpp */; };
		4E5F44921A09219000A520D0 /* HelloWorldScene.cpp in Sources */ = {isa = PBXBuildFile; fileRef = 4E5F44081A09219000A520D0 /* HelloWorldScene.cpp */; };
		4E5F44931A09219000A520D0 /* PlatformCocos2DX.cpp in Sources */ = {isa = PBXBuildFile; fileRef = 4E5F440B1A09219000A520D0 /* PlatformCocos2DX.cpp */; };
		4E5F44941A09219000A520D0 /* CMakeLists.txt in Resources */ = {isa = PBXBuildFile; fileRef = 4E5F440D1A09219000A520D0 /* CMakeLists.txt */; };
		4E5F44951A09219000A520D0 /* .classpath in Resources */ = {isa = PBXBuildFile; fileRef = 4E5F440F1A09219000A520D0 /* .classpath */; };
		4E5F44961A09219000A520D0 /* .cproject in Resources */ = {isa = PBXBuildFile; fileRef = 4E5F44101A09219000A520D0 /* .cproject */; };
		4E5F44971A09219000A520D0 /* .project in Resources */ = {isa = PBXBuildFile; fileRef = 4E5F44111A09219000A520D0 /* .project */; };
		4E5F44981A09219000A520D0 /* org.eclipse.cdt.codan.core.prefs in Resources */ = {isa = PBXBuildFile; fileRef = 4E5F44131A09219000A520D0 /* org.eclipse.cdt.codan.core.prefs */; };
		4E5F44991A09219000A520D0 /* org.eclipse.cdt.core.prefs in Resources */ = {isa = PBXBuildFile; fileRef = 4E5F44141A09219000A520D0 /* org.eclipse.cdt.core.prefs */; };
		4E5F449A1A09219000A520D0 /* org.eclipse.ltk.core.refactoring.prefs in Resources */ = {isa = PBXBuildFile; fileRef = 4E5F44151A09219000A520D0 /* org.eclipse.ltk.core.refactoring.prefs */; };
		4E5F449B1A09219000A520D0 /* AndroidManifest.xml in Resources */ = {isa = PBXBuildFile; fileRef = 4E5F44161A09219000A520D0 /* AndroidManifest.xml */; };
		4E5F449C1A09219000A520D0 /* ant.properties in Resources */ = {isa = PBXBuildFile; fileRef = 4E5F44171A09219000A520D0 /* ant.properties */; };
		4E5F449D1A09219000A520D0 /* build-cfg.json in Resources */ = {isa = PBXBuildFile; fileRef = 4E5F44181A09219000A520D0 /* build-cfg.json */; };
		4E5F449E1A09219000A520D0 /* build.xml in Resources */ = {isa = PBXBuildFile; fileRef = 4E5F44191A09219000A520D0 /* build.xml */; };
		4E5F449F1A09219000A520D0 /* build_native.py in Resources */ = {isa = PBXBuildFile; fileRef = 4E5F441A1A09219000A520D0 /* build_native.py */; };
		4E5F44A01A09219000A520D0 /* Android.mk in Resources */ = {isa = PBXBuildFile; fileRef = 4E5F441C1A09219000A520D0 /* Android.mk */; };
		4E5F44A11A09219000A520D0 /* Application.mk in Resources */ = {isa = PBXBuildFile; fileRef = 4E5F441D1A09219000A520D0 /* Application.mk */; };
		4E5F44A21A09219000A520D0 /* main.cpp in Sources */ = {isa = PBXBuildFile; fileRef = 4E5F441F1A09219000A520D0 /* main.cpp */; };
		4E5F44A31A09219000A520D0 /* proguard-project.txt in Resources */ = {isa = PBXBuildFile; fileRef = 4E5F44201A09219000A520D0 /* proguard-project.txt */; };
		4E5F44A41A09219000A520D0 /* project.properties in Resources */ = {isa = PBXBuildFile; fileRef = 4E5F44211A09219000A520D0 /* project.properties */; };
		4E5F44A51A09219000A520D0 /* README.md in Sources */ = {isa = PBXBuildFile; fileRef = 4E5F44221A09219000A520D0 /* README.md */; };
		4E5F44A61A09219000A520D0 /* icon.png in Resources */ = {isa = PBXBuildFile; fileRef = 4E5F44251A09219000A520D0 /* icon.png */; };
		4E5F44A71A09219000A520D0 /* icon.png in Resources */ = {isa = PBXBuildFile; fileRef = 4E5F44271A09219000A520D0 /* icon.png */; };
		4E5F44A81A09219000A520D0 /* icon.png in Resources */ = {isa = PBXBuildFile; fileRef = 4E5F44291A09219000A520D0 /* icon.png */; };
		4E5F44A91A09219000A520D0 /* strings.xml in Resources */ = {isa = PBXBuildFile; fileRef = 4E5F442B1A09219000A520D0 /* strings.xml */; };
		4E5F44AA1A09219000A520D0 /* AppActivity.java in Sources */ = {isa = PBXBuildFile; fileRef = 4E5F44301A09219000A520D0 /* AppActivity.java */; };
		4E5F44AB1A09219000A520D0 /* AppController.mm in Sources */ = {isa = PBXBuildFile; fileRef = 4E5F44341A09219000A520D0 /* AppController.mm */; };
		4E5F44AC1A09219000A520D0 /* Default-568h@2x.png in Resources */ = {isa = PBXBuildFile; fileRef = 4E5F44351A09219000A520D0 /* Default-568h@2x.png */; };
		4E5F44AD1A09219000A520D0 /* Default.png in Resources */ = {isa = PBXBuildFile; fileRef = 4E5F44361A09219000A520D0 /* Default.png */; };
		4E5F44AE1A09219000A520D0 /* Default@2x.png in Resources */ = {isa = PBXBuildFile; fileRef = 4E5F44371A09219000A520D0 /* Default@2x.png */; };
		4E5F44AF1A09219000A520D0 /* Icon-100.png in Resources */ = {isa = PBXBuildFile; fileRef = 4E5F44381A09219000A520D0 /* Icon-100.png */; };
		4E5F44B01A09219000A520D0 /* Icon-114.png in Resources */ = {isa = PBXBuildFile; fileRef = 4E5F44391A09219000A520D0 /* Icon-114.png */; };
		4E5F44B11A09219000A520D0 /* Icon-120.png in Resources */ = {isa = PBXBuildFile; fileRef = 4E5F443A1A09219000A520D0 /* Icon-120.png */; };
		4E5F44B21A09219000A520D0 /* Icon-144.png in Resources */ = {isa = PBXBuildFile; fileRef = 4E5F443B1A09219000A520D0 /* Icon-144.png */; };
		4E5F44B31A09219000A520D0 /* Icon-152.png in Resources */ = {isa = PBXBuildFile; fileRef = 4E5F443C1A09219000A520D0 /* Icon-152.png */; };
		4E5F44B41A09219000A520D0 /* Icon-29.png in Resources */ = {isa = PBXBuildFile; fileRef = 4E5F443D1A09219000A520D0 /* Icon-29.png */; };
		4E5F44B51A09219000A520D0 /* Icon-40.png in Resources */ = {isa = PBXBuildFile; fileRef = 4E5F443E1A09219000A520D0 /* Icon-40.png */; };
		4E5F44B61A09219000A520D0 /* Icon-50.png in Resources */ = {isa = PBXBuildFile; fileRef = 4E5F443F1A09219000A520D0 /* Icon-50.png */; };
		4E5F44B71A09219000A520D0 /* Icon-57.png in Resources */ = {isa = PBXBuildFile; fileRef = 4E5F44401A09219000A520D0 /* Icon-57.png */; };
		4E5F44B81A09219000A520D0 /* Icon-58.png in Resources */ = {isa = PBXBuildFile; fileRef = 4E5F44411A09219000A520D0 /* Icon-58.png */; };
		4E5F44B91A09219000A520D0 /* Icon-72.png in Resources */ = {isa = PBXBuildFile; fileRef = 4E5F44421A09219000A520D0 /* Icon-72.png */; };
		4E5F44BA1A09219000A520D0 /* Icon-76.png in Resources */ = {isa = PBXBuildFile; fileRef = 4E5F44431A09219000A520D0 /* Icon-76.png */; };
		4E5F44BB1A09219000A520D0 /* Icon-80.png in Resources */ = {isa = PBXBuildFile; fileRef = 4E5F44441A09219000A520D0 /* Icon-80.png */; };
		4E5F44BC1A09219000A520D0 /* Info.plist in Resources */ = {isa = PBXBuildFile; fileRef = 4E5F44451A09219000A520D0 /* Info.plist */; };
		4E5F44BD1A09219000A520D0 /* main.m in Sources */ = {isa = PBXBuildFile; fileRef = 4E5F44461A09219000A520D0 /* main.m */; };
		4E5F44BE1A09219000A520D0 /* RootViewController.mm in Sources */ = {isa = PBXBuildFile; fileRef = 4E5F44491A09219000A520D0 /* RootViewController.mm */; };
		4E5F44BF1A09219000A520D0 /* Icon.icns in Resources */ = {isa = PBXBuildFile; fileRef = 4E5F444B1A09219000A520D0 /* Icon.icns */; };
		4E5F44C01A09219000A520D0 /* Info.plist in Resources */ = {isa = PBXBuildFile; fileRef = 4E5F444C1A09219000A520D0 /* Info.plist */; };
		4E5F44C11A09219000A520D0 /* main.cpp in Sources */ = {isa = PBXBuildFile; fileRef = 4E5F444D1A09219000A520D0 /* main.cpp */; };
		4E5F44C21A09219000A520D0 /* main.cpp in Sources */ = {isa = PBXBuildFile; fileRef = 4E5F44541A09219000A520D0 /* main.cpp */; };
		4E5F44C31A09219000A520D0 /* build-cfg.json in Resources */ = {isa = PBXBuildFile; fileRef = 4E5F44561A09219000A520D0 /* build-cfg.json */; };
		4E5F44C41A09219000A520D0 /* game.rc in Resources */ = {isa = PBXBuildFile; fileRef = 4E5F44571A09219000A520D0 /* game.rc */; };
		4E5F44C51A09219000A520D0 /* main.cpp in Sources */ = {isa = PBXBuildFile; fileRef = 4E5F44581A09219000A520D0 /* main.cpp */; };
		4E5F44C61A09219000A520D0 /* game.ico in Resources */ = {isa = PBXBuildFile; fileRef = 4E5F445B1A09219000A520D0 /* game.ico */; };
		4E5F44C71A09219000A520D0 /* RussianCube.sln in Resources */ = {isa = PBXBuildFile; fileRef = 4E5F445D1A09219000A520D0 /* RussianCube.sln */; };
		4E5F44C81A09219000A520D0 /* RussianCube.vcxproj in Resources */ = {isa = PBXBuildFile; fileRef = 4E5F445E1A09219000A520D0 /* RussianCube.vcxproj */; };
		4E5F44C91A09219000A520D0 /* RussianCube.vcxproj.filters in Resources */ = {isa = PBXBuildFile; fileRef = 4E5F445F1A09219000A520D0 /* RussianCube.vcxproj.filters */; };
		4E5F44CA1A09219000A520D0 /* RussianCube.vcxproj.user in Resources */ = {isa = PBXBuildFile; fileRef = 4E5F44601A09219000A520D0 /* RussianCube.vcxproj.user */; };
		4E5F44CB1A09219000A520D0 /* App.xaml in Resources */ = {isa = PBXBuildFile; fileRef = 4E5F44631A09219000A520D0 /* App.xaml */; };
		4E5F44CC1A09219000A520D0 /* App.xaml.cs in Resources */ = {isa = PBXBuildFile; fileRef = 4E5F44641A09219000A520D0 /* App.xaml.cs */; };
		4E5F44CD1A09219000A520D0 /* AlignmentGrid.png in Resources */ = {isa = PBXBuildFile; fileRef = 4E5F44661A09219000A520D0 /* AlignmentGrid.png */; };
		4E5F44CE1A09219000A520D0 /* ApplicationIcon.png in Resources */ = {isa = PBXBuildFile; fileRef = 4E5F44671A09219000A520D0 /* ApplicationIcon.png */; };
		4E5F44CF1A09219000A520D0 /* FlipCycleTileLarge.png in Resources */ = {isa = PBXBuildFile; fileRef = 4E5F44691A09219000A520D0 /* FlipCycleTileLarge.png */; };
		4E5F44D01A09219000A520D0 /* FlipCycleTileMedium.png in Resources */ = {isa = PBXBuildFile; fileRef = 4E5F446A1A09219000A520D0 /* FlipCycleTileMedium.png */; };
		4E5F44D11A09219000A520D0 /* FlipCycleTileSmall.png in Resources */ = {isa = PBXBuildFile; fileRef = 4E5F446B1A09219000A520D0 /* FlipCycleTileSmall.png */; };
		4E5F44D21A09219000A520D0 /* IconicTileMediumLarge.png in Resources */ = {isa = PBXBuildFile; fileRef = 4E5F446C1A09219000A520D0 /* IconicTileMediumLarge.png */; };
		4E5F44D31A09219000A520D0 /* IconicTileSmall.png in Resources */ = {isa = PBXBuildFile; fileRef = 4E5F446D1A09219000A520D0 /* IconicTileSmall.png */; };
		4E5F44D41A09219000A520D0 /* EditBox.xaml in Resources */ = {isa = PBXBuildFile; fileRef = 4E5F446E1A09219000A520D0 /* EditBox.xaml */; };
		4E5F44D51A09219000A520D0 /* EditBox.xaml.cs in Resources */ = {isa = PBXBuildFile; fileRef = 4E5F446F1A09219000A520D0 /* EditBox.xaml.cs */; };
		4E5F44D61A09219000A520D0 /* HelloCpp.csproj in Resources */ = {isa = PBXBuildFile; fileRef = 4E5F44701A09219000A520D0 /* HelloCpp.csproj */; };
		4E5F44D71A09219000A520D0 /* LocalizedStrings.cs in Resources */ = {isa = PBXBuildFile; fileRef = 4E5F44711A09219000A520D0 /* LocalizedStrings.cs */; };
		4E5F44D81A09219000A520D0 /* MainPage.xaml in Resources */ = {isa = PBXBuildFile; fileRef = 4E5F44721A09219000A520D0 /* MainPage.xaml */; };
		4E5F44D91A09219000A520D0 /* MainPage.xaml.cs in Resources */ = {isa = PBXBuildFile; fileRef = 4E5F44731A09219000A520D0 /* MainPage.xaml.cs */; };
		4E5F44DA1A09219000A520D0 /* AppManifest.xml in Resources */ = {isa = PBXBuildFile; fileRef = 4E5F44751A09219000A520D0 /* AppManifest.xml */; };
		4E5F44DB1A09219000A520D0 /* AssemblyInfo.cs in Resources */ = {isa = PBXBuildFile; fileRef = 4E5F44761A09219000A520D0 /* AssemblyInfo.cs */; };
		4E5F44DC1A09219000A520D0 /* WMAppManifest.xml in Resources */ = {isa = PBXBuildFile; fileRef = 4E5F44771A09219000A520D0 /* WMAppManifest.xml */; };
		4E5F44DD1A09219000A520D0 /* AppResources.Designer.cs in Resources */ = {isa = PBXBuildFile; fileRef = 4E5F44791A09219000A520D0 /* AppResources.Designer.cs */; };
		4E5F44DE1A09219000A520D0 /* AppResources.resx in Resources */ = {isa = PBXBuildFile; fileRef = 4E5F447A1A09219000A520D0 /* AppResources.resx */; };
		4E5F44DF1A09219000A520D0 /* SplashScreenImage.jpg in Resources */ = {isa = PBXBuildFile; fileRef = 4E5F447B1A09219000A520D0 /* SplashScreenImage.jpg */; };
		4E5F44E01A09219000A520D0 /* HelloCpp.sln in Resources */ = {isa = PBXBuildFile; fileRef = 4E5F447C1A09219000A520D0 /* HelloCpp.sln */; };
		4E5F44E11A09219000A520D0 /* HelloCppComponent.vcxproj in Resources */ = {isa = PBXBuildFile; fileRef = 4E5F447E1A09219000A520D0 /* HelloCppComponent.vcxproj */; };
		4E5F44E21A09219000A520D0 /* HelloCppComponent.vcxproj.filters in Resources */ = {isa = PBXBuildFile; fileRef = 4E5F447F1A09219000A520D0 /* HelloCppComponent.vcxproj.filters */; };
		4E5F44E31A09219000A520D0 /* pch.cpp in Sources */ = {isa = PBXBuildFile; fileRef = 4E5F44801A09219000A520D0 /* pch.cpp */; };
		4E5F44E41A09219000A520D0 /* back.png in Resources */ = {isa = PBXBuildFile; fileRef = 4E5F44831A09219000A520D0 /* back.png */; };
		4E5F44E51A09219000A520D0 /* back1.png in Resources */ = {isa = PBXBuildFile; fileRef = 4E5F44841A09219000A520D0 /* back1.png */; };
		4E5F44E61A09219000A520D0 /* blocks.png in Resources */ = {isa = PBXBuildFile; fileRef = 4E5F44851A09219000A520D0 /* blocks.png */; };
		4E5F44E71A09219000A520D0 /* blocks1.png in Resources */ = {isa = PBXBuildFile; fileRef = 4E5F44861A09219000A520D0 /* blocks1.png */; };
		4E5F44E81A09219000A520D0 /* blocks2.png in Resources */ = {isa = PBXBuildFile; fileRef = 4E5F44871A09219000A520D0 /* blocks2.png */; };
		4E5F44E91A09219000A520D0 /* close_normal.png in Resources */ = {isa = PBXBuildFile; fileRef = 4E5F44881A09219000A520D0 /* close_normal.png */; };
		4E5F44EA1A09219000A520D0 /* close_selected.png in Resources */ = {isa = PBXBuildFile; fileRef = 4E5F44891A09219000A520D0 /* close_selected.png */; };
		4E5F44EB1A09219000A520D0 /* CloseNormal.png in Resources */ = {isa = PBXBuildFile; fileRef = 4E5F448A1A09219000A520D0 /* CloseNormal.png */; };
		4E5F44EC1A09219000A520D0 /* CloseSelected.png in Resources */ = {isa = PBXBuildFile; fileRef = 4E5F448B1A09219000A520D0 /* CloseSelected.png */; };
		4E5F44ED1A09219000A520D0 /* Marker Felt.ttf in Resources */ = {isa = PBXBuildFile; fileRef = 4E5F448D1A09219000A520D0 /* Marker Felt.ttf */; };
		4E5F44EE1A09219000A520D0 /* HelloWorld.png in Resources */ = {isa = PBXBuildFile; fileRef = 4E5F448E1A09219000A520D0 /* HelloWorld.png */; };
		4E5F44EF1A09219000A520D0 /* numbers.png in Resources */ = {isa = PBXBuildFile; fileRef = 4E5F448F1A09219000A520D0 /* numbers.png */; };
/* End PBXBuildFile section */

/* Begin PBXContainerItemProxy section */
		1AC6FAF8180E9839004C840B /* PBXContainerItemProxy */ = {
			isa = PBXContainerItemProxy;
			containerPortal = 1AC6FAE5180E9839004C840B /* cocos2d_libs.xcodeproj */;
			proxyType = 2;
			remoteGlobalIDString = 1551A33F158F2AB200E66CFE;
			remoteInfo = "cocos2dx Mac";
		};
		1AC6FAFA180E9839004C840B /* PBXContainerItemProxy */ = {
			isa = PBXContainerItemProxy;
			containerPortal = 1AC6FAE5180E9839004C840B /* cocos2d_libs.xcodeproj */;
			proxyType = 2;
			remoteGlobalIDString = A03F2FD617814595006731B9;
			remoteInfo = "cocos2dx-extensions Mac";
		};
		1AC6FAFC180E9839004C840B /* PBXContainerItemProxy */ = {
			isa = PBXContainerItemProxy;
			containerPortal = 1AC6FAE5180E9839004C840B /* cocos2d_libs.xcodeproj */;
			proxyType = 2;
			remoteGlobalIDString = A03F2CB81780BD04006731B9;
			remoteInfo = "chipmunk Mac";
		};
		1AC6FAFE180E9839004C840B /* PBXContainerItemProxy */ = {
			isa = PBXContainerItemProxy;
			containerPortal = 1AC6FAE5180E9839004C840B /* cocos2d_libs.xcodeproj */;
			proxyType = 2;
			remoteGlobalIDString = A03F2D9B1780BDF7006731B9;
			remoteInfo = "box2d Mac";
		};
		1AC6FB00180E9839004C840B /* PBXContainerItemProxy */ = {
			isa = PBXContainerItemProxy;
			containerPortal = 1AC6FAE5180E9839004C840B /* cocos2d_libs.xcodeproj */;
			proxyType = 2;
			remoteGlobalIDString = A03F2ED617814268006731B9;
			remoteInfo = "CocosDenshion Mac";
		};
		1AC6FB06180E9839004C840B /* PBXContainerItemProxy */ = {
			isa = PBXContainerItemProxy;
			containerPortal = 1AC6FAE5180E9839004C840B /* cocos2d_libs.xcodeproj */;
			proxyType = 2;
			remoteGlobalIDString = A07A4D641783777C0073F6A7;
			remoteInfo = "cocos2dx iOS";
		};
		1AC6FB08180E9839004C840B /* PBXContainerItemProxy */ = {
			isa = PBXContainerItemProxy;
			containerPortal = 1AC6FAE5180E9839004C840B /* cocos2d_libs.xcodeproj */;
			proxyType = 2;
			remoteGlobalIDString = A07A4EFC1783867C0073F6A7;
			remoteInfo = "cocos2dx-extensions iOS";
		};
		1AC6FB0A180E9839004C840B /* PBXContainerItemProxy */ = {
			isa = PBXContainerItemProxy;
			containerPortal = 1AC6FAE5180E9839004C840B /* cocos2d_libs.xcodeproj */;
			proxyType = 2;
			remoteGlobalIDString = A07A4F3B178387670073F6A7;
			remoteInfo = "chipmunk iOS";
		};
		1AC6FB0C180E9839004C840B /* PBXContainerItemProxy */ = {
			isa = PBXContainerItemProxy;
			containerPortal = 1AC6FAE5180E9839004C840B /* cocos2d_libs.xcodeproj */;
			proxyType = 2;
			remoteGlobalIDString = A07A4F9E1783876B0073F6A7;
			remoteInfo = "box2d iOS";
		};
		1AC6FB0E180E9839004C840B /* PBXContainerItemProxy */ = {
			isa = PBXContainerItemProxy;
			containerPortal = 1AC6FAE5180E9839004C840B /* cocos2d_libs.xcodeproj */;
			proxyType = 2;
			remoteGlobalIDString = A07A4FB4178387730073F6A7;
			remoteInfo = "CocosDenshion iOS";
		};
		1AC6FB15180E9959004C840B /* PBXContainerItemProxy */ = {
			isa = PBXContainerItemProxy;
			containerPortal = 1AC6FAE5180E9839004C840B /* cocos2d_libs.xcodeproj */;
			proxyType = 1;
			remoteGlobalIDString = 1551A33E158F2AB200E66CFE;
			remoteInfo = "cocos2dx Mac";
		};
		1AC6FB17180E9959004C840B /* PBXContainerItemProxy */ = {
			isa = PBXContainerItemProxy;
			containerPortal = 1AC6FAE5180E9839004C840B /* cocos2d_libs.xcodeproj */;
			proxyType = 1;
			remoteGlobalIDString = A03F2FC117814595006731B9;
			remoteInfo = "cocos2dx-extensions Mac";
		};
		1AC6FB19180E9959004C840B /* PBXContainerItemProxy */ = {
			isa = PBXContainerItemProxy;
			containerPortal = 1AC6FAE5180E9839004C840B /* cocos2d_libs.xcodeproj */;
			proxyType = 1;
			remoteGlobalIDString = A03F2B781780BD04006731B9;
			remoteInfo = "chipmunk Mac";
		};
		1AC6FB1B180E9959004C840B /* PBXContainerItemProxy */ = {
			isa = PBXContainerItemProxy;
			containerPortal = 1AC6FAE5180E9839004C840B /* cocos2d_libs.xcodeproj */;
			proxyType = 1;
			remoteGlobalIDString = A03F2E9817814268006731B9;
			remoteInfo = "CocosDenshion Mac";
		};
		1AC6FB1D180E9963004C840B /* PBXContainerItemProxy */ = {
			isa = PBXContainerItemProxy;
			containerPortal = 1AC6FAE5180E9839004C840B /* cocos2d_libs.xcodeproj */;
			proxyType = 1;
			remoteGlobalIDString = A03F2D5D1780BDF7006731B9;
			remoteInfo = "box2d Mac";
		};
		1AC6FB24180E99E1004C840B /* PBXContainerItemProxy */ = {
			isa = PBXContainerItemProxy;
			containerPortal = 1AC6FAE5180E9839004C840B /* cocos2d_libs.xcodeproj */;
			proxyType = 1;
			remoteGlobalIDString = A07A4C241783777C0073F6A7;
			remoteInfo = "cocos2dx iOS";
		};
		1AC6FB26180E99E1004C840B /* PBXContainerItemProxy */ = {
			isa = PBXContainerItemProxy;
			containerPortal = 1AC6FAE5180E9839004C840B /* cocos2d_libs.xcodeproj */;
			proxyType = 1;
			remoteGlobalIDString = A07A4E111783867C0073F6A7;
			remoteInfo = "cocos2dx-extensions iOS";
		};
		1AC6FB28180E99E1004C840B /* PBXContainerItemProxy */ = {
			isa = PBXContainerItemProxy;
			containerPortal = 1AC6FAE5180E9839004C840B /* cocos2d_libs.xcodeproj */;
			proxyType = 1;
			remoteGlobalIDString = A07A4EFD178387670073F6A7;
			remoteInfo = "chipmunk iOS";
		};
		1AC6FB2A180E99E1004C840B /* PBXContainerItemProxy */ = {
			isa = PBXContainerItemProxy;
			containerPortal = 1AC6FAE5180E9839004C840B /* cocos2d_libs.xcodeproj */;
			proxyType = 1;
			remoteGlobalIDString = A07A4F3C1783876B0073F6A7;
			remoteInfo = "box2d iOS";
		};
		1AC6FB2C180E99E1004C840B /* PBXContainerItemProxy */ = {
			isa = PBXContainerItemProxy;
			containerPortal = 1AC6FAE5180E9839004C840B /* cocos2d_libs.xcodeproj */;
			proxyType = 1;
			remoteGlobalIDString = A07A4F9F178387730073F6A7;
			remoteInfo = "CocosDenshion iOS";
		};
		4E5F44F21A09219000A520D0 /* PBXContainerItemProxy */ = {
			isa = PBXContainerItemProxy;
			containerPortal = 4E5F444F1A09219000A520D0 /* RussianCube.xcodeproj */;
			proxyType = 2;
			remoteGlobalIDString = 1D6058910D05DD3D006BFB54;
			remoteInfo = "RussianCube iOS";
		};
		4E5F44F41A09219000A520D0 /* PBXContainerItemProxy */ = {
			isa = PBXContainerItemProxy;
			containerPortal = 4E5F444F1A09219000A520D0 /* RussianCube.xcodeproj */;
			proxyType = 2;
			remoteGlobalIDString = 5087E76F17EB910900C73F5D;
			remoteInfo = "RussianCube Mac";
		};
/* End PBXContainerItemProxy section */

/* Begin PBXFileReference section */
		1AC6FAE5180E9839004C840B /* cocos2d_libs.xcodeproj */ = {isa = PBXFileReference; lastKnownFileType = "wrapper.pb-project"; name = cocos2d_libs.xcodeproj; path = ../cocos2d/build/cocos2d_libs.xcodeproj; sourceTree = "<group>"; };
		4E5F44041A09219000A520D0 /* AppDelegate.cpp */ = {isa = PBXFileReference; fileEncoding = 4; lastKnownFileType = sourcecode.cpp.cpp; path = AppDelegate.cpp; sourceTree = "<group>"; };
		4E5F44051A09219000A520D0 /* AppDelegate.h */ = {isa = PBXFileReference; fileEncoding = 4; lastKnownFileType = sourcecode.c.h; path = AppDelegate.h; sourceTree = "<group>"; };
		4E5F44061A09219000A520D0 /* game.cpp */ = {isa = PBXFileReference; fileEncoding = 4; lastKnownFileType = sourcecode.cpp.cpp; path = game.cpp; sourceTree = "<group>"; };
		4E5F44071A09219000A520D0 /* game.h */ = {isa = PBXFileReference; fileEncoding = 4; lastKnownFileType = sourcecode.c.h; path = game.h; sourceTree = "<group>"; };
		4E5F44081A09219000A520D0 /* HelloWorldScene.cpp */ = {isa = PBXFileReference; fileEncoding = 4; lastKnownFileType = sourcecode.cpp.cpp; path = HelloWorldScene.cpp; sourceTree = "<group>"; };
		4E5F44091A09219000A520D0 /* HelloWorldScene.h */ = {isa = PBXFileReference; fileEncoding = 4; lastKnownFileType = sourcecode.c.h; path = HelloWorldScene.h; sourceTree = "<group>"; };
		4E5F440A1A09219000A520D0 /* platform.h */ = {isa = PBXFileReference; fileEncoding = 4; lastKnownFileType = sourcecode.c.h; path = platform.h; sourceTree = "<group>"; };
		4E5F440B1A09219000A520D0 /* PlatformCocos2DX.cpp */ = {isa = PBXFileReference; fileEncoding = 4; lastKnownFileType = sourcecode.cpp.cpp; path = PlatformCocos2DX.cpp; sourceTree = "<group>"; };
		4E5F440C1A09219000A520D0 /* PlatformCocos2DX.h */ = {isa = PBXFileReference; fileEncoding = 4; lastKnownFileType = sourcecode.c.h; path = PlatformCocos2DX.h; sourceTree = "<group>"; };
		4E5F440D1A09219000A520D0 /* CMakeLists.txt */ = {isa = PBXFileReference; fileEncoding = 4; lastKnownFileType = text; name = CMakeLists.txt; path = "../../../../Downloads/myTetris-master/CMakeLists.txt"; sourceTree = "<group>"; };
		4E5F440F1A09219000A520D0 /* .classpath */ = {isa = PBXFileReference; fileEncoding = 4; lastKnownFileType = text.xml; path = .classpath; sourceTree = "<group>"; };
		4E5F44101A09219000A520D0 /* .cproject */ = {isa = PBXFileReference; fileEncoding = 4; lastKnownFileType = text.xml; path = .cproject; sourceTree = "<group>"; };
		4E5F44111A09219000A520D0 /* .project */ = {isa = PBXFileReference; fileEncoding = 4; lastKnownFileType = text.xml; path = .project; sourceTree = "<group>"; };
		4E5F44131A09219000A520D0 /* org.eclipse.cdt.codan.core.prefs */ = {isa = PBXFileReference; fileEncoding = 4; lastKnownFileType = text; path = org.eclipse.cdt.codan.core.prefs; sourceTree = "<group>"; };
		4E5F44141A09219000A520D0 /* org.eclipse.cdt.core.prefs */ = {isa = PBXFileReference; fileEncoding = 4; lastKnownFileType = text; path = org.eclipse.cdt.core.prefs; sourceTree = "<group>"; };
		4E5F44151A09219000A520D0 /* org.eclipse.ltk.core.refactoring.prefs */ = {isa = PBXFileReference; fileEncoding = 4; lastKnownFileType = text; path = org.eclipse.ltk.core.refactoring.prefs; sourceTree = "<group>"; };
		4E5F44161A09219000A520D0 /* AndroidManifest.xml */ = {isa = PBXFileReference; fileEncoding = 4; lastKnownFileType = text.xml; path = AndroidManifest.xml; sourceTree = "<group>"; };
		4E5F44171A09219000A520D0 /* ant.properties */ = {isa = PBXFileReference; fileEncoding = 4; lastKnownFileType = text; path = ant.properties; sourceTree = "<group>"; };
		4E5F44181A09219000A520D0 /* build-cfg.json */ = {isa = PBXFileReference; fileEncoding = 4; lastKnownFileType = text.json; path = "build-cfg.json"; sourceTree = "<group>"; };
		4E5F44191A09219000A520D0 /* build.xml */ = {isa = PBXFileReference; fileEncoding = 4; lastKnownFileType = text.xml; path = build.xml; sourceTree = "<group>"; };
		4E5F441A1A09219000A520D0 /* build_native.py */ = {isa = PBXFileReference; fileEncoding = 4; lastKnownFileType = text.script.python; path = build_native.py; sourceTree = "<group>"; };
		4E5F441C1A09219000A520D0 /* Android.mk */ = {isa = PBXFileReference; fileEncoding = 4; lastKnownFileType = text; path = Android.mk; sourceTree = "<group>"; };
		4E5F441D1A09219000A520D0 /* Application.mk */ = {isa = PBXFileReference; fileEncoding = 4; lastKnownFileType = text; path = Application.mk; sourceTree = "<group>"; };
		4E5F441F1A09219000A520D0 /* main.cpp */ = {isa = PBXFileReference; fileEncoding = 4; lastKnownFileType = sourcecode.cpp.cpp; path = main.cpp; sourceTree = "<group>"; };
		4E5F44201A09219000A520D0 /* proguard-project.txt */ = {isa = PBXFileReference; fileEncoding = 4; lastKnownFileType = text; path = "proguard-project.txt"; sourceTree = "<group>"; };
		4E5F44211A09219000A520D0 /* project.properties */ = {isa = PBXFileReference; fileEncoding = 4; lastKnownFileType = text; path = project.properties; sourceTree = "<group>"; };
		4E5F44221A09219000A520D0 /* README.md */ = {isa = PBXFileReference; fileEncoding = 4; lastKnownFileType = net.daringfireball.markdown; path = README.md; sourceTree = "<group>"; };
		4E5F44251A09219000A520D0 /* icon.png */ = {isa = PBXFileReference; lastKnownFileType = image.png; path = icon.png; sourceTree = "<group>"; };
		4E5F44271A09219000A520D0 /* icon.png */ = {isa = PBXFileReference; lastKnownFileType = image.png; path = icon.png; sourceTree = "<group>"; };
		4E5F44291A09219000A520D0 /* icon.png */ = {isa = PBXFileReference; lastKnownFileType = image.png; path = icon.png; sourceTree = "<group>"; };
		4E5F442B1A09219000A520D0 /* strings.xml */ = {isa = PBXFileReference; fileEncoding = 4; lastKnownFileType = text.xml; path = strings.xml; sourceTree = "<group>"; };
		4E5F44301A09219000A520D0 /* AppActivity.java */ = {isa = PBXFileReference; fileEncoding = 4; lastKnownFileType = sourcecode.java; path = AppActivity.java; sourceTree = "<group>"; };
		4E5F44331A09219000A520D0 /* AppController.h */ = {isa = PBXFileReference; fileEncoding = 4; lastKnownFileType = sourcecode.c.h; path = AppController.h; sourceTree = "<group>"; };
		4E5F44341A09219000A520D0 /* AppController.mm */ = {isa = PBXFileReference; fileEncoding = 4; lastKnownFileType = sourcecode.cpp.objcpp; path = AppController.mm; sourceTree = "<group>"; };
		4E5F44351A09219000A520D0 /* Default-568h@2x.png */ = {isa = PBXFileReference; lastKnownFileType = image.png; path = "Default-568h@2x.png"; sourceTree = "<group>"; };
		4E5F44361A09219000A520D0 /* Default.png */ = {isa = PBXFileReference; lastKnownFileType = image.png; path = Default.png; sourceTree = "<group>"; };
		4E5F44371A09219000A520D0 /* Default@2x.png */ = {isa = PBXFileReference; lastKnownFileType = image.png; path = "Default@2x.png"; sourceTree = "<group>"; };
		4E5F44381A09219000A520D0 /* Icon-100.png */ = {isa = PBXFileReference; lastKnownFileType = image.png; path = "Icon-100.png"; sourceTree = "<group>"; };
		4E5F44391A09219000A520D0 /* Icon-114.png */ = {isa = PBXFileReference; lastKnownFileType = image.png; path = "Icon-114.png"; sourceTree = "<group>"; };
		4E5F443A1A09219000A520D0 /* Icon-120.png */ = {isa = PBXFileReference; lastKnownFileType = image.png; path = "Icon-120.png"; sourceTree = "<group>"; };
		4E5F443B1A09219000A520D0 /* Icon-144.png */ = {isa = PBXFileReference; lastKnownFileType = image.png; path = "Icon-144.png"; sourceTree = "<group>"; };
		4E5F443C1A09219000A520D0 /* Icon-152.png */ = {isa = PBXFileReference; lastKnownFileType = image.png; path = "Icon-152.png"; sourceTree = "<group>"; };
		4E5F443D1A09219000A520D0 /* Icon-29.png */ = {isa = PBXFileReference; lastKnownFileType = image.png; path = "Icon-29.png"; sourceTree = "<group>"; };
		4E5F443E1A09219000A520D0 /* Icon-40.png */ = {isa = PBXFileReference; lastKnownFileType = image.png; path = "Icon-40.png"; sourceTree = "<group>"; };
		4E5F443F1A09219000A520D0 /* Icon-50.png */ = {isa = PBXFileReference; lastKnownFileType = image.png; path = "Icon-50.png"; sourceTree = "<group>"; };
		4E5F44401A09219000A520D0 /* Icon-57.png */ = {isa = PBXFileReference; lastKnownFileType = image.png; path = "Icon-57.png"; sourceTree = "<group>"; };
		4E5F44411A09219000A520D0 /* Icon-58.png */ = {isa = PBXFileReference; lastKnownFileType = image.png; path = "Icon-58.png"; sourceTree = "<group>"; };
		4E5F44421A09219000A520D0 /* Icon-72.png */ = {isa = PBXFileReference; lastKnownFileType = image.png; path = "Icon-72.png"; sourceTree = "<group>"; };
		4E5F44431A09219000A520D0 /* Icon-76.png */ = {isa = PBXFileReference; lastKnownFileType = image.png; path = "Icon-76.png"; sourceTree = "<group>"; };
		4E5F44441A09219000A520D0 /* Icon-80.png */ = {isa = PBXFileReference; lastKnownFileType = image.png; path = "Icon-80.png"; sourceTree = "<group>"; };
		4E5F44451A09219000A520D0 /* Info.plist */ = {isa = PBXFileReference; fileEncoding = 4; lastKnownFileType = text.plist.xml; path = Info.plist; sourceTree = "<group>"; };
		4E5F44461A09219000A520D0 /* main.m */ = {isa = PBXFileReference; fileEncoding = 4; lastKnownFileType = sourcecode.c.objc; path = main.m; sourceTree = "<group>"; };
		4E5F44471A09219000A520D0 /* Prefix.pch */ = {isa = PBXFileReference; fileEncoding = 4; lastKnownFileType = sourcecode.c.h; path = Prefix.pch; sourceTree = "<group>"; };
		4E5F44481A09219000A520D0 /* RootViewController.h */ = {isa = PBXFileReference; fileEncoding = 4; lastKnownFileType = sourcecode.c.h; path = RootViewController.h; sourceTree = "<group>"; };
		4E5F44491A09219000A520D0 /* RootViewController.mm */ = {isa = PBXFileReference; fileEncoding = 4; lastKnownFileType = sourcecode.cpp.objcpp; path = RootViewController.mm; sourceTree = "<group>"; };
		4E5F444B1A09219000A520D0 /* Icon.icns */ = {isa = PBXFileReference; lastKnownFileType = image.icns; path = Icon.icns; sourceTree = "<group>"; };
		4E5F444C1A09219000A520D0 /* Info.plist */ = {isa = PBXFileReference; fileEncoding = 4; lastKnownFileType = text.plist.xml; path = Info.plist; sourceTree = "<group>"; };
		4E5F444D1A09219000A520D0 /* main.cpp */ = {isa = PBXFileReference; fileEncoding = 4; lastKnownFileType = sourcecode.cpp.cpp; path = main.cpp; sourceTree = "<group>"; };
		4E5F444E1A09219000A520D0 /* Prefix.pch */ = {isa = PBXFileReference; fileEncoding = 4; lastKnownFileType = sourcecode.c.h; path = Prefix.pch; sourceTree = "<group>"; };
		4E5F444F1A09219000A520D0 /* RussianCube.xcodeproj */ = {isa = PBXFileReference; lastKnownFileType = "wrapper.pb-project"; path = RussianCube.xcodeproj; sourceTree = "<group>"; };
		4E5F44541A09219000A520D0 /* main.cpp */ = {isa = PBXFileReference; fileEncoding = 4; lastKnownFileType = sourcecode.cpp.cpp; path = main.cpp; sourceTree = "<group>"; };
		4E5F44561A09219000A520D0 /* build-cfg.json */ = {isa = PBXFileReference; fileEncoding = 4; lastKnownFileType = text.json; path = "build-cfg.json"; sourceTree = "<group>"; };
		4E5F44571A09219000A520D0 /* game.rc */ = {isa = PBXFileReference; fileEncoding = 4; lastKnownFileType = text; path = game.rc; sourceTree = "<group>"; };
		4E5F44581A09219000A520D0 /* main.cpp */ = {isa = PBXFileReference; fileEncoding = 4; lastKnownFileType = sourcecode.cpp.cpp; path = main.cpp; sourceTree = "<group>"; };
		4E5F44591A09219000A520D0 /* main.h */ = {isa = PBXFileReference; fileEncoding = 4; lastKnownFileType = sourcecode.c.h; path = main.h; sourceTree = "<group>"; };
		4E5F445B1A09219000A520D0 /* game.ico */ = {isa = PBXFileReference; lastKnownFileType = image.ico; path = game.ico; sourceTree = "<group>"; };
		4E5F445C1A09219000A520D0 /* resource.h */ = {isa = PBXFileReference; fileEncoding = 4; lastKnownFileType = sourcecode.c.h; path = resource.h; sourceTree = "<group>"; };
		4E5F445D1A09219000A520D0 /* RussianCube.sln */ = {isa = PBXFileReference; fileEncoding = 4; lastKnownFileType = text; path = RussianCube.sln; sourceTree = "<group>"; };
		4E5F445E1A09219000A520D0 /* RussianCube.vcxproj */ = {isa = PBXFileReference; fileEncoding = 4; lastKnownFileType = text.xml; path = RussianCube.vcxproj; sourceTree = "<group>"; };
		4E5F445F1A09219000A520D0 /* RussianCube.vcxproj.filters */ = {isa = PBXFileReference; fileEncoding = 4; lastKnownFileType = text.xml; path = RussianCube.vcxproj.filters; sourceTree = "<group>"; };
		4E5F44601A09219000A520D0 /* RussianCube.vcxproj.user */ = {isa = PBXFileReference; fileEncoding = 4; lastKnownFileType = text.xml; path = RussianCube.vcxproj.user; sourceTree = "<group>"; };
		4E5F44631A09219000A520D0 /* App.xaml */ = {isa = PBXFileReference; fileEncoding = 4; lastKnownFileType = text; path = App.xaml; sourceTree = "<group>"; };
		4E5F44641A09219000A520D0 /* App.xaml.cs */ = {isa = PBXFileReference; fileEncoding = 4; lastKnownFileType = text; path = App.xaml.cs; sourceTree = "<group>"; };
		4E5F44661A09219000A520D0 /* AlignmentGrid.png */ = {isa = PBXFileReference; lastKnownFileType = image.png; path = AlignmentGrid.png; sourceTree = "<group>"; };
		4E5F44671A09219000A520D0 /* ApplicationIcon.png */ = {isa = PBXFileReference; lastKnownFileType = image.png; path = ApplicationIcon.png; sourceTree = "<group>"; };
		4E5F44691A09219000A520D0 /* FlipCycleTileLarge.png */ = {isa = PBXFileReference; lastKnownFileType = image.png; path = FlipCycleTileLarge.png; sourceTree = "<group>"; };
		4E5F446A1A09219000A520D0 /* FlipCycleTileMedium.png */ = {isa = PBXFileReference; lastKnownFileType = image.png; path = FlipCycleTileMedium.png; sourceTree = "<group>"; };
		4E5F446B1A09219000A520D0 /* FlipCycleTileSmall.png */ = {isa = PBXFileReference; lastKnownFileType = image.png; path = FlipCycleTileSmall.png; sourceTree = "<group>"; };
		4E5F446C1A09219000A520D0 /* IconicTileMediumLarge.png */ = {isa = PBXFileReference; lastKnownFileType = image.png; path = IconicTileMediumLarge.png; sourceTree = "<group>"; };
		4E5F446D1A09219000A520D0 /* IconicTileSmall.png */ = {isa = PBXFileReference; lastKnownFileType = image.png; path = IconicTileSmall.png; sourceTree = "<group>"; };
		4E5F446E1A09219000A520D0 /* EditBox.xaml */ = {isa = PBXFileReference; fileEncoding = 4; lastKnownFileType = text; path = EditBox.xaml; sourceTree = "<group>"; };
		4E5F446F1A09219000A520D0 /* EditBox.xaml.cs */ = {isa = PBXFileReference; fileEncoding = 4; lastKnownFileType = text; path = EditBox.xaml.cs; sourceTree = "<group>"; };
		4E5F44701A09219000A520D0 /* HelloCpp.csproj */ = {isa = PBXFileReference; fileEncoding = 4; lastKnownFileType = text.xml; path = HelloCpp.csproj; sourceTree = "<group>"; };
		4E5F44711A09219000A520D0 /* LocalizedStrings.cs */ = {isa = PBXFileReference; fileEncoding = 4; lastKnownFileType = text; path = LocalizedStrings.cs; sourceTree = "<group>"; };
		4E5F44721A09219000A520D0 /* MainPage.xaml */ = {isa = PBXFileReference; fileEncoding = 4; lastKnownFileType = text; path = MainPage.xaml; sourceTree = "<group>"; };
		4E5F44731A09219000A520D0 /* MainPage.xaml.cs */ = {isa = PBXFileReference; fileEncoding = 4; lastKnownFileType = text; path = MainPage.xaml.cs; sourceTree = "<group>"; };
		4E5F44751A09219000A520D0 /* AppManifest.xml */ = {isa = PBXFileReference; fileEncoding = 4; lastKnownFileType = text.xml; path = AppManifest.xml; sourceTree = "<group>"; };
		4E5F44761A09219000A520D0 /* AssemblyInfo.cs */ = {isa = PBXFileReference; fileEncoding = 4; lastKnownFileType = text; path = AssemblyInfo.cs; sourceTree = "<group>"; };
		4E5F44771A09219000A520D0 /* WMAppManifest.xml */ = {isa = PBXFileReference; fileEncoding = 4; lastKnownFileType = text.xml; path = WMAppManifest.xml; sourceTree = "<group>"; };
		4E5F44791A09219000A520D0 /* AppResources.Designer.cs */ = {isa = PBXFileReference; fileEncoding = 4; lastKnownFileType = text; path = AppResources.Designer.cs; sourceTree = "<group>"; };
		4E5F447A1A09219000A520D0 /* AppResources.resx */ = {isa = PBXFileReference; fileEncoding = 4; lastKnownFileType = text.xml; path = AppResources.resx; sourceTree = "<group>"; };
		4E5F447B1A09219000A520D0 /* SplashScreenImage.jpg */ = {isa = PBXFileReference; lastKnownFileType = image.jpeg; path = SplashScreenImage.jpg; sourceTree = "<group>"; };
		4E5F447C1A09219000A520D0 /* HelloCpp.sln */ = {isa = PBXFileReference; fileEncoding = 4; lastKnownFileType = text; path = HelloCpp.sln; sourceTree = "<group>"; };
		4E5F447E1A09219000A520D0 /* HelloCppComponent.vcxproj */ = {isa = PBXFileReference; fileEncoding = 4; lastKnownFileType = text.xml; path = HelloCppComponent.vcxproj; sourceTree = "<group>"; };
		4E5F447F1A09219000A520D0 /* HelloCppComponent.vcxproj.filters */ = {isa = PBXFileReference; fileEncoding = 4; lastKnownFileType = text.xml; path = HelloCppComponent.vcxproj.filters; sourceTree = "<group>"; };
		4E5F44801A09219000A520D0 /* pch.cpp */ = {isa = PBXFileReference; fileEncoding = 4; lastKnownFileType = sourcecode.cpp.cpp; path = pch.cpp; sourceTree = "<group>"; };
		4E5F44811A09219000A520D0 /* pch.h */ = {isa = PBXFileReference; fileEncoding = 4; lastKnownFileType = sourcecode.c.h; path = pch.h; sourceTree = "<group>"; };
		4E5F44831A09219000A520D0 /* back.png */ = {isa = PBXFileReference; lastKnownFileType = image.png; path = back.png; sourceTree = "<group>"; };
		4E5F44841A09219000A520D0 /* back1.png */ = {isa = PBXFileReference; lastKnownFileType = image.png; path = back1.png; sourceTree = "<group>"; };
		4E5F44851A09219000A520D0 /* blocks.png */ = {isa = PBXFileReference; lastKnownFileType = image.png; path = blocks.png; sourceTree = "<group>"; };
		4E5F44861A09219000A520D0 /* blocks1.png */ = {isa = PBXFileReference; lastKnownFileType = image.png; path = blocks1.png; sourceTree = "<group>"; };
		4E5F44871A09219000A520D0 /* blocks2.png */ = {isa = PBXFileReference; lastKnownFileType = image.png; path = blocks2.png; sourceTree = "<group>"; };
		4E5F44881A09219000A520D0 /* close_normal.png */ = {isa = PBXFileReference; lastKnownFileType = image.png; path = close_normal.png; sourceTree = "<group>"; };
		4E5F44891A09219000A520D0 /* close_selected.png */ = {isa = PBXFileReference; lastKnownFileType = image.png; path = close_selected.png; sourceTree = "<group>"; };
		4E5F448A1A09219000A520D0 /* CloseNormal.png */ = {isa = PBXFileReference; lastKnownFileType = image.png; path = CloseNormal.png; sourceTree = "<group>"; };
		4E5F448B1A09219000A520D0 /* CloseSelected.png */ = {isa = PBXFileReference; lastKnownFileType = image.png; path = CloseSelected.png; sourceTree = "<group>"; };
		4E5F448D1A09219000A520D0 /* Marker Felt.ttf */ = {isa = PBXFileReference; lastKnownFileType = file; path = "Marker Felt.ttf"; sourceTree = "<group>"; };
		4E5F448E1A09219000A520D0 /* HelloWorld.png */ = {isa = PBXFileReference; lastKnownFileType = image.png; path = HelloWorld.png; sourceTree = "<group>"; };
		4E5F448F1A09219000A520D0 /* numbers.png */ = {isa = PBXFileReference; lastKnownFileType = image.png; path = numbers.png; sourceTree = "<group>"; };
		4EF4F0651A092238008A6607 /* NewGame iOS.app */ = {isa = PBXFileReference; explicitFileType = wrapper.application; includeInIndex = 0; path = "NewGame iOS.app"; sourceTree = BUILT_PRODUCTS_DIR; };
		4EF4F0671A092238008A6607 /* NewGame Mac.app */ = {isa = PBXFileReference; explicitFileType = wrapper.application; includeInIndex = 0; path = "NewGame Mac.app"; sourceTree = BUILT_PRODUCTS_DIR; };
/* End PBXFileReference section */

/* Begin PBXFrameworksBuildPhase section */
		1D60588F0D05DD3D006BFB54 /* Frameworks */ = {
			isa = PBXFrameworksBuildPhase;
			buildActionMask = 2147483647;
			files = (
				1AC6FB2E180E99EB004C840B /* libbox2d iOS.a in Frameworks */,
				1AC6FB2F180E99EB004C840B /* libchipmunk iOS.a in Frameworks */,
				1AC6FB30180E99EB004C840B /* libcocos2dx iOS.a in Frameworks */,
				1AC6FB31180E99EB004C840B /* libcocos2dx-extensions iOS.a in Frameworks */,
				1AC6FB32180E99EB004C840B /* libCocosDenshion iOS.a in Frameworks */,
			);
			runOnlyForDeploymentPostprocessing = 0;
		};
		5087E75C17EB910900C73F5D /* Frameworks */ = {
			isa = PBXFrameworksBuildPhase;
			buildActionMask = 2147483647;
			files = (
				1AC6FB1F180E996B004C840B /* libbox2d Mac.a in Frameworks */,
				1AC6FB20180E996B004C840B /* libchipmunk Mac.a in Frameworks */,
				1AC6FB21180E996B004C840B /* libcocos2dx Mac.a in Frameworks */,
				1AC6FB22180E996B004C840B /* libcocos2dx-extensions Mac.a in Frameworks */,
				1AC6FB23180E996B004C840B /* libCocosDenshion Mac.a in Frameworks */,
			);
			runOnlyForDeploymentPostprocessing = 0;
		};
/* End PBXFrameworksBuildPhase section */

/* Begin PBXGroup section */
		1AC6FAE6180E9839004C840B /* Products */ = {
			isa = PBXGroup;
			children = (
				1AC6FAF9180E9839004C840B /* libcocos2dx Mac.a */,
				1AC6FAFB180E9839004C840B /* libcocos2dx-extensions Mac.a */,
				1AC6FAFD180E9839004C840B /* libchipmunk Mac.a */,
				1AC6FAFF180E9839004C840B /* libbox2d Mac.a */,
				1AC6FB01180E9839004C840B /* libCocosDenshion Mac.a */,
				1AC6FB07180E9839004C840B /* libcocos2dx iOS.a */,
				1AC6FB09180E9839004C840B /* libcocos2dx-extensions iOS.a */,
				1AC6FB0B180E9839004C840B /* libchipmunk iOS.a */,
				1AC6FB0D180E9839004C840B /* libbox2d iOS.a */,
				1AC6FB0F180E9839004C840B /* libCocosDenshion iOS.a */,
			);
			name = Products;
			sourceTree = "<group>";
		};
		29B97314FDCFA39411CA2CEA /* CustomTemplate */ = {
			isa = PBXGroup;
			children = (
				4E5F44031A09219000A520D0 /* Classes */,
				4E5F440D1A09219000A520D0 /* CMakeLists.txt */,
				4E5F440E1A09219000A520D0 /* proj.android */,
				4E5F44311A09219000A520D0 /* proj.ios_mac */,
				4E5F44531A09219000A520D0 /* proj.linux */,
				4E5F44551A09219000A520D0 /* proj.win32 */,
				4E5F44611A09219000A520D0 /* proj.wp8-xaml */,
				4E5F44821A09219000A520D0 /* Resources */,
				1AC6FAE5180E9839004C840B /* cocos2d_libs.xcodeproj */,
				4EF4F0661A092238008A6607 /* Products */,
			);
			name = CustomTemplate;
			sourceTree = "<group>";
		};
		4E5F44031A09219000A520D0 /* Classes */ = {
			isa = PBXGroup;
			children = (
				4E5F44041A09219000A520D0 /* AppDelegate.cpp */,
				4E5F44051A09219000A520D0 /* AppDelegate.h */,
				4E5F44061A09219000A520D0 /* game.cpp */,
				4E5F44071A09219000A520D0 /* game.h */,
				4E5F44081A09219000A520D0 /* HelloWorldScene.cpp */,
				4E5F44091A09219000A520D0 /* HelloWorldScene.h */,
				4E5F440A1A09219000A520D0 /* platform.h */,
				4E5F440B1A09219000A520D0 /* PlatformCocos2DX.cpp */,
				4E5F440C1A09219000A520D0 /* PlatformCocos2DX.h */,
			);
			name = Classes;
			path = "../../../../Downloads/myTetris-master/Classes";
			sourceTree = "<group>";
		};
		4E5F440E1A09219000A520D0 /* proj.android */ = {
			isa = PBXGroup;
			children = (
				4E5F440F1A09219000A520D0 /* .classpath */,
				4E5F44101A09219000A520D0 /* .cproject */,
				4E5F44111A09219000A520D0 /* .project */,
				4E5F44121A09219000A520D0 /* .settings */,
				4E5F44161A09219000A520D0 /* AndroidManifest.xml */,
				4E5F44171A09219000A520D0 /* ant.properties */,
				4E5F44181A09219000A520D0 /* build-cfg.json */,
				4E5F44191A09219000A520D0 /* build.xml */,
				4E5F441A1A09219000A520D0 /* build_native.py */,
				4E5F441B1A09219000A520D0 /* jni */,
				4E5F44201A09219000A520D0 /* proguard-project.txt */,
				4E5F44211A09219000A520D0 /* project.properties */,
				4E5F44221A09219000A520D0 /* README.md */,
				4E5F44231A09219000A520D0 /* res */,
				4E5F442C1A09219000A520D0 /* src */,
			);
			name = proj.android;
			path = "../../../../Downloads/myTetris-master/proj.android";
			sourceTree = "<group>";
		};
		4E5F44121A09219000A520D0 /* .settings */ = {
			isa = PBXGroup;
			children = (
				4E5F44131A09219000A520D0 /* org.eclipse.cdt.codan.core.prefs */,
				4E5F44141A09219000A520D0 /* org.eclipse.cdt.core.prefs */,
				4E5F44151A09219000A520D0 /* org.eclipse.ltk.core.refactoring.prefs */,
			);
			path = .settings;
			sourceTree = "<group>";
		};
		4E5F441B1A09219000A520D0 /* jni */ = {
			isa = PBXGroup;
			children = (
				4E5F441C1A09219000A520D0 /* Android.mk */,
				4E5F441D1A09219000A520D0 /* Application.mk */,
				4E5F441E1A09219000A520D0 /* hellocpp */,
			);
			path = jni;
			sourceTree = "<group>";
		};
		4E5F441E1A09219000A520D0 /* hellocpp */ = {
			isa = PBXGroup;
			children = (
				4E5F441F1A09219000A520D0 /* main.cpp */,
			);
			path = hellocpp;
			sourceTree = "<group>";
		};
		4E5F44231A09219000A520D0 /* res */ = {
			isa = PBXGroup;
			children = (
				4E5F44241A09219000A520D0 /* drawable-hdpi */,
				4E5F44261A09219000A520D0 /* drawable-ldpi */,
				4E5F44281A09219000A520D0 /* drawable-mdpi */,
				4E5F442A1A09219000A520D0 /* values */,
			);
			path = res;
			sourceTree = "<group>";
		};
		4E5F44241A09219000A520D0 /* drawable-hdpi */ = {
			isa = PBXGroup;
			children = (
				4E5F44251A09219000A520D0 /* icon.png */,
			);
			path = "drawable-hdpi";
			sourceTree = "<group>";
		};
		4E5F44261A09219000A520D0 /* drawable-ldpi */ = {
			isa = PBXGroup;
			children = (
				4E5F44271A09219000A520D0 /* icon.png */,
			);
			path = "drawable-ldpi";
			sourceTree = "<group>";
		};
		4E5F44281A09219000A520D0 /* drawable-mdpi */ = {
			isa = PBXGroup;
			children = (
				4E5F44291A09219000A520D0 /* icon.png */,
			);
			path = "drawable-mdpi";
			sourceTree = "<group>";
		};
		4E5F442A1A09219000A520D0 /* values */ = {
			isa = PBXGroup;
			children = (
				4E5F442B1A09219000A520D0 /* strings.xml */,
			);
			path = values;
			sourceTree = "<group>";
		};
		4E5F442C1A09219000A520D0 /* src */ = {
			isa = PBXGroup;
			children = (
				4E5F442D1A09219000A520D0 /* org */,
			);
			path = src;
			sourceTree = "<group>";
		};
		4E5F442D1A09219000A520D0 /* org */ = {
			isa = PBXGroup;
			children = (
				4E5F442E1A09219000A520D0 /* cocos2dx */,
			);
			path = org;
			sourceTree = "<group>";
		};
		4E5F442E1A09219000A520D0 /* cocos2dx */ = {
			isa = PBXGroup;
			children = (
				4E5F442F1A09219000A520D0 /* cpp */,
			);
			path = cocos2dx;
			sourceTree = "<group>";
		};
		4E5F442F1A09219000A520D0 /* cpp */ = {
			isa = PBXGroup;
			children = (
				4E5F44301A09219000A520D0 /* AppActivity.java */,
			);
			path = cpp;
			sourceTree = "<group>";
		};
		4E5F44311A09219000A520D0 /* proj.ios_mac */ = {
			isa = PBXGroup;
			children = (
				4E5F44321A09219000A520D0 /* ios */,
				4E5F444A1A09219000A520D0 /* mac */,
				4E5F444F1A09219000A520D0 /* RussianCube.xcodeproj */,
			);
			name = proj.ios_mac;
			path = "../../../../Downloads/myTetris-master/proj.ios_mac";
			sourceTree = "<group>";
		};
		4E5F44321A09219000A520D0 /* ios */ = {
			isa = PBXGroup;
			children = (
				4E5F44331A09219000A520D0 /* AppController.h */,
				4E5F44341A09219000A520D0 /* AppController.mm */,
				4E5F44351A09219000A520D0 /* Default-568h@2x.png */,
				4E5F44361A09219000A520D0 /* Default.png */,
				4E5F44371A09219000A520D0 /* Default@2x.png */,
				4E5F44381A09219000A520D0 /* Icon-100.png */,
				4E5F44391A09219000A520D0 /* Icon-114.png */,
				4E5F443A1A09219000A520D0 /* Icon-120.png */,
				4E5F443B1A09219000A520D0 /* Icon-144.png */,
				4E5F443C1A09219000A520D0 /* Icon-152.png */,
				4E5F443D1A09219000A520D0 /* Icon-29.png */,
				4E5F443E1A09219000A520D0 /* Icon-40.png */,
				4E5F443F1A09219000A520D0 /* Icon-50.png */,
				4E5F44401A09219000A520D0 /* Icon-57.png */,
				4E5F44411A09219000A520D0 /* Icon-58.png */,
				4E5F44421A09219000A520D0 /* Icon-72.png */,
				4E5F44431A09219000A520D0 /* Icon-76.png */,
				4E5F44441A09219000A520D0 /* Icon-80.png */,
				4E5F44451A09219000A520D0 /* Info.plist */,
				4E5F44461A09219000A520D0 /* main.m */,
				4E5F44471A09219000A520D0 /* Prefix.pch */,
				4E5F44481A09219000A520D0 /* RootViewController.h */,
				4E5F44491A09219000A520D0 /* RootViewController.mm */,
			);
			path = ios;
			sourceTree = "<group>";
		};
		4E5F444A1A09219000A520D0 /* mac */ = {
			isa = PBXGroup;
			children = (
				4E5F444B1A09219000A520D0 /* Icon.icns */,
				4E5F444C1A09219000A520D0 /* Info.plist */,
				4E5F444D1A09219000A520D0 /* main.cpp */,
				4E5F444E1A09219000A520D0 /* Prefix.pch */,
			);
			path = mac;
			sourceTree = "<group>";
		};
		4E5F44501A09219000A520D0 /* Products */ = {
			isa = PBXGroup;
			children = (
				4E5F44F31A09219000A520D0 /* RussianCube iOS.app */,
				4E5F44F51A09219000A520D0 /* RussianCube Mac.app */,
			);
			name = Products;
			sourceTree = "<group>";
		};
		4E5F44531A09219000A520D0 /* proj.linux */ = {
			isa = PBXGroup;
			children = (
				4E5F44541A09219000A520D0 /* main.cpp */,
			);
			name = proj.linux;
			path = "../../../../Downloads/myTetris-master/proj.linux";
			sourceTree = "<group>";
		};
		4E5F44551A09219000A520D0 /* proj.win32 */ = {
			isa = PBXGroup;
			children = (
				4E5F44561A09219000A520D0 /* build-cfg.json */,
				4E5F44571A09219000A520D0 /* game.rc */,
				4E5F44581A09219000A520D0 /* main.cpp */,
				4E5F44591A09219000A520D0 /* main.h */,
				4E5F445A1A09219000A520D0 /* res */,
				4E5F445C1A09219000A520D0 /* resource.h */,
				4E5F445D1A09219000A520D0 /* RussianCube.sln */,
				4E5F445E1A09219000A520D0 /* RussianCube.vcxproj */,
				4E5F445F1A09219000A520D0 /* RussianCube.vcxproj.filters */,
				4E5F44601A09219000A520D0 /* RussianCube.vcxproj.user */,
			);
			name = proj.win32;
			path = "../../../../Downloads/myTetris-master/proj.win32";
			sourceTree = "<group>";
		};
		4E5F445A1A09219000A520D0 /* res */ = {
			isa = PBXGroup;
			children = (
				4E5F445B1A09219000A520D0 /* game.ico */,
			);
			path = res;
			sourceTree = "<group>";
		};
		4E5F44611A09219000A520D0 /* proj.wp8-xaml */ = {
			isa = PBXGroup;
			children = (
				4E5F44621A09219000A520D0 /* HelloCpp */,
				4E5F447C1A09219000A520D0 /* HelloCpp.sln */,
				4E5F447D1A09219000A520D0 /* HelloCppComponent */,
			);
			name = "proj.wp8-xaml";
			path = "../../../../Downloads/myTetris-master/proj.wp8-xaml";
			sourceTree = "<group>";
		};
		4E5F44621A09219000A520D0 /* HelloCpp */ = {
			isa = PBXGroup;
			children = (
				4E5F44631A09219000A520D0 /* App.xaml */,
				4E5F44641A09219000A520D0 /* App.xaml.cs */,
				4E5F44651A09219000A520D0 /* Assets */,
				4E5F446E1A09219000A520D0 /* EditBox.xaml */,
				4E5F446F1A09219000A520D0 /* EditBox.xaml.cs */,
				4E5F44701A09219000A520D0 /* HelloCpp.csproj */,
				4E5F44711A09219000A520D0 /* LocalizedStrings.cs */,
				4E5F44721A09219000A520D0 /* MainPage.xaml */,
				4E5F44731A09219000A520D0 /* MainPage.xaml.cs */,
				4E5F44741A09219000A520D0 /* Properties */,
				4E5F44781A09219000A520D0 /* Resources */,
				4E5F447B1A09219000A520D0 /* SplashScreenImage.jpg */,
			);
			path = HelloCpp;
			sourceTree = "<group>";
		};
		4E5F44651A09219000A520D0 /* Assets */ = {
			isa = PBXGroup;
			children = (
				4E5F44661A09219000A520D0 /* AlignmentGrid.png */,
				4E5F44671A09219000A520D0 /* ApplicationIcon.png */,
				4E5F44681A09219000A520D0 /* Tiles */,
			);
			path = Assets;
			sourceTree = "<group>";
		};
		4E5F44681A09219000A520D0 /* Tiles */ = {
			isa = PBXGroup;
			children = (
				4E5F44691A09219000A520D0 /* FlipCycleTileLarge.png */,
				4E5F446A1A09219000A520D0 /* FlipCycleTileMedium.png */,
				4E5F446B1A09219000A520D0 /* FlipCycleTileSmall.png */,
				4E5F446C1A09219000A520D0 /* IconicTileMediumLarge.png */,
				4E5F446D1A09219000A520D0 /* IconicTileSmall.png */,
			);
			path = Tiles;
			sourceTree = "<group>";
		};
		4E5F44741A09219000A520D0 /* Properties */ = {
			isa = PBXGroup;
			children = (
				4E5F44751A09219000A520D0 /* AppManifest.xml */,
				4E5F44761A09219000A520D0 /* AssemblyInfo.cs */,
				4E5F44771A09219000A520D0 /* WMAppManifest.xml */,
			);
			path = Properties;
			sourceTree = "<group>";
		};
		4E5F44781A09219000A520D0 /* Resources */ = {
			isa = PBXGroup;
			children = (
				4E5F44791A09219000A520D0 /* AppResources.Designer.cs */,
				4E5F447A1A09219000A520D0 /* AppResources.resx */,
			);
			path = Resources;
			sourceTree = "<group>";
		};
		4E5F447D1A09219000A520D0 /* HelloCppComponent */ = {
			isa = PBXGroup;
			children = (
				4E5F447E1A09219000A520D0 /* HelloCppComponent.vcxproj */,
				4E5F447F1A09219000A520D0 /* HelloCppComponent.vcxproj.filters */,
				4E5F44801A09219000A520D0 /* pch.cpp */,
				4E5F44811A09219000A520D0 /* pch.h */,
			);
			path = HelloCppComponent;
			sourceTree = "<group>";
		};
		4E5F44821A09219000A520D0 /* Resources */ = {
			isa = PBXGroup;
			children = (
				4E5F44831A09219000A520D0 /* back.png */,
				4E5F44841A09219000A520D0 /* back1.png */,
				4E5F44851A09219000A520D0 /* blocks.png */,
				4E5F44861A09219000A520D0 /* blocks1.png */,
				4E5F44871A09219000A520D0 /* blocks2.png */,
				4E5F44881A09219000A520D0 /* close_normal.png */,
				4E5F44891A09219000A520D0 /* close_selected.png */,
				4E5F448A1A09219000A520D0 /* CloseNormal.png */,
				4E5F448B1A09219000A520D0 /* CloseSelected.png */,
				4E5F448C1A09219000A520D0 /* fonts */,
				4E5F448E1A09219000A520D0 /* HelloWorld.png */,
				4E5F448F1A09219000A520D0 /* numbers.png */,
			);
			name = Resources;
			path = "../../../../Downloads/myTetris-master/Resources";
			sourceTree = "<group>";
		};
		4E5F448C1A09219000A520D0 /* fonts */ = {
			isa = PBXGroup;
			children = (
				4E5F448D1A09219000A520D0 /* Marker Felt.ttf */,
			);
			path = fonts;
			sourceTree = "<group>";
		};
		4EF4F0661A092238008A6607 /* Products */ = {
			isa = PBXGroup;
			children = (
				4EF4F0651A092238008A6607 /* NewGame iOS.app */,
				4EF4F0671A092238008A6607 /* NewGame Mac.app */,
			);
			name = Products;
			sourceTree = "<group>";
		};
/* End PBXGroup section */

/* Begin PBXNativeTarget section */
		1D6058900D05DD3D006BFB54 /* NewGame iOS */ = {
			isa = PBXNativeTarget;
			buildConfigurationList = 1D6058960D05DD3E006BFB54 /* Build configuration list for PBXNativeTarget "NewGame iOS" */;
			buildPhases = (
				1D60588D0D05DD3D006BFB54 /* Resources */,
				1D60588E0D05DD3D006BFB54 /* Sources */,
				1D60588F0D05DD3D006BFB54 /* Frameworks */,
			);
			buildRules = (
			);
			dependencies = (
				1AC6FB25180E99E1004C840B /* PBXTargetDependency */,
				1AC6FB27180E99E1004C840B /* PBXTargetDependency */,
				1AC6FB29180E99E1004C840B /* PBXTargetDependency */,
				1AC6FB2B180E99E1004C840B /* PBXTargetDependency */,
				1AC6FB2D180E99E1004C840B /* PBXTargetDependency */,
			);
			name = "NewGame iOS";
			productName = iphone;
			productReference = 4EF4F0651A092238008A6607 /* NewGame iOS.app */;
			productType = "com.apple.product-type.application";
		};
		5087E73D17EB910900C73F5D /* NewGame Mac */ = {
			isa = PBXNativeTarget;
			buildConfigurationList = 5087E76C17EB910900C73F5D /* Build configuration list for PBXNativeTarget "NewGame Mac" */;
			buildPhases = (
				5087E74817EB910900C73F5D /* Resources */,
				5087E75617EB910900C73F5D /* Sources */,
				5087E75C17EB910900C73F5D /* Frameworks */,
			);
			buildRules = (
			);
			dependencies = (
				1AC6FB1E180E9963004C840B /* PBXTargetDependency */,
				1AC6FB16180E9959004C840B /* PBXTargetDependency */,
				1AC6FB18180E9959004C840B /* PBXTargetDependency */,
				1AC6FB1A180E9959004C840B /* PBXTargetDependency */,
				1AC6FB1C180E9959004C840B /* PBXTargetDependency */,
			);
			name = "NewGame Mac";
			productName = iphone;
			productReference = 4EF4F0671A092238008A6607 /* NewGame Mac.app */;
			productType = "com.apple.product-type.application";
		};
/* End PBXNativeTarget section */

/* Begin PBXProject section */
		29B97313FDCFA39411CA2CEA /* Project object */ = {
			isa = PBXProject;
			attributes = {
				LastUpgradeCheck = 0610;
				TargetAttributes = {
					1D6058900D05DD3D006BFB54 = {
						DevelopmentTeam = MDDB52YB8L;
					};
				};
			};
			buildConfigurationList = C01FCF4E08A954540054247B /* Build configuration list for PBXProject "NewGame" */;
			compatibilityVersion = "Xcode 3.2";
			developmentRegion = English;
			hasScannedForEncodings = 1;
			knownRegions = (
				English,
				Japanese,
				French,
				German,
			);
			mainGroup = 29B97314FDCFA39411CA2CEA /* CustomTemplate */;
			productRefGroup = 4EF4F0661A092238008A6607 /* Products */;
			projectDirPath = "";
			projectReferences = (
				{
					ProductGroup = 1AC6FAE6180E9839004C840B /* Products */;
					ProjectRef = 1AC6FAE5180E9839004C840B /* cocos2d_libs.xcodeproj */;
				},
				{
					ProductGroup = 4E5F44501A09219000A520D0 /* Products */;
					ProjectRef = 4E5F444F1A09219000A520D0 /* RussianCube.xcodeproj */;
				},
			);
			projectRoot = "";
			targets = (
				1D6058900D05DD3D006BFB54 /* NewGame iOS */,
				5087E73D17EB910900C73F5D /* NewGame Mac */,
			);
		};
/* End PBXProject section */

/* Begin PBXReferenceProxy section */
		1AC6FAF9180E9839004C840B /* libcocos2dx Mac.a */ = {
			isa = PBXReferenceProxy;
			fileType = archive.ar;
			path = "libcocos2dx Mac.a";
			remoteRef = 1AC6FAF8180E9839004C840B /* PBXContainerItemProxy */;
			sourceTree = BUILT_PRODUCTS_DIR;
		};
		1AC6FAFB180E9839004C840B /* libcocos2dx-extensions Mac.a */ = {
			isa = PBXReferenceProxy;
			fileType = archive.ar;
			path = "libcocos2dx-extensions Mac.a";
			remoteRef = 1AC6FAFA180E9839004C840B /* PBXContainerItemProxy */;
			sourceTree = BUILT_PRODUCTS_DIR;
		};
		1AC6FAFD180E9839004C840B /* libchipmunk Mac.a */ = {
			isa = PBXReferenceProxy;
			fileType = archive.ar;
			path = "libchipmunk Mac.a";
			remoteRef = 1AC6FAFC180E9839004C840B /* PBXContainerItemProxy */;
			sourceTree = BUILT_PRODUCTS_DIR;
		};
		1AC6FAFF180E9839004C840B /* libbox2d Mac.a */ = {
			isa = PBXReferenceProxy;
			fileType = archive.ar;
			path = "libbox2d Mac.a";
			remoteRef = 1AC6FAFE180E9839004C840B /* PBXContainerItemProxy */;
			sourceTree = BUILT_PRODUCTS_DIR;
		};
		1AC6FB01180E9839004C840B /* libCocosDenshion Mac.a */ = {
			isa = PBXReferenceProxy;
			fileType = archive.ar;
			path = "libCocosDenshion Mac.a";
			remoteRef = 1AC6FB00180E9839004C840B /* PBXContainerItemProxy */;
			sourceTree = BUILT_PRODUCTS_DIR;
		};
		1AC6FB07180E9839004C840B /* libcocos2dx iOS.a */ = {
			isa = PBXReferenceProxy;
			fileType = archive.ar;
			path = "libcocos2dx iOS.a";
			remoteRef = 1AC6FB06180E9839004C840B /* PBXContainerItemProxy */;
			sourceTree = BUILT_PRODUCTS_DIR;
		};
		1AC6FB09180E9839004C840B /* libcocos2dx-extensions iOS.a */ = {
			isa = PBXReferenceProxy;
			fileType = archive.ar;
			path = "libcocos2dx-extensions iOS.a";
			remoteRef = 1AC6FB08180E9839004C840B /* PBXContainerItemProxy */;
			sourceTree = BUILT_PRODUCTS_DIR;
		};
		1AC6FB0B180E9839004C840B /* libchipmunk iOS.a */ = {
			isa = PBXReferenceProxy;
			fileType = archive.ar;
			path = "libchipmunk iOS.a";
			remoteRef = 1AC6FB0A180E9839004C840B /* PBXContainerItemProxy */;
			sourceTree = BUILT_PRODUCTS_DIR;
		};
		1AC6FB0D180E9839004C840B /* libbox2d iOS.a */ = {
			isa = PBXReferenceProxy;
			fileType = archive.ar;
			path = "libbox2d iOS.a";
			remoteRef = 1AC6FB0C180E9839004C840B /* PBXContainerItemProxy */;
			sourceTree = BUILT_PRODUCTS_DIR;
		};
		1AC6FB0F180E9839004C840B /* libCocosDenshion iOS.a */ = {
			isa = PBXReferenceProxy;
			fileType = archive.ar;
			path = "libCocosDenshion iOS.a";
			remoteRef = 1AC6FB0E180E9839004C840B /* PBXContainerItemProxy */;
			sourceTree = BUILT_PRODUCTS_DIR;
		};
		4E5F44F31A09219000A520D0 /* RussianCube iOS.app */ = {
			isa = PBXReferenceProxy;
			fileType = wrapper.application;
			path = "RussianCube iOS.app";
			remoteRef = 4E5F44F21A09219000A520D0 /* PBXContainerItemProxy */;
			sourceTree = BUILT_PRODUCTS_DIR;
		};
		4E5F44F51A09219000A520D0 /* RussianCube Mac.app */ = {
			isa = PBXReferenceProxy;
			fileType = wrapper.application;
			path = "RussianCube Mac.app";
			remoteRef = 4E5F44F41A09219000A520D0 /* PBXContainerItemProxy */;
			sourceTree = BUILT_PRODUCTS_DIR;
		};
/* End PBXReferenceProxy section */

/* Begin PBXResourcesBuildPhase section */
		1D60588D0D05DD3D006BFB54 /* Resources */ = {
			isa = PBXResourcesBuildPhase;
			buildActionMask = 2147483647;
			files = (
				4E5F44D71A09219000A520D0 /* LocalizedStrings.cs in Resources */,
				4E5F44D51A09219000A520D0 /* EditBox.xaml.cs in Resources */,
				4E5F44B71A09219000A520D0 /* Icon-57.png in Resources */,
				4E5F44A91A09219000A520D0 /* strings.xml in Resources */,
				4E5F44EF1A09219000A520D0 /* numbers.png in Resources */,
				4E5F44A01A09219000A520D0 /* Android.mk in Resources */,
				4E5F44C91A09219000A520D0 /* RussianCube.vcxproj.filters in Resources */,
				4E5F44CD1A09219000A520D0 /* AlignmentGrid.png in Resources */,
				4E5F449F1A09219000A520D0 /* build_native.py in Resources */,
				4E5F44B41A09219000A520D0 /* Icon-29.png in Resources */,
				4E5F44A71A09219000A520D0 /* icon.png in Resources */,
				4E5F44E01A09219000A520D0 /* HelloCpp.sln in Resources */,
				4E5F44D61A09219000A520D0 /* HelloCpp.csproj in Resources */,
				4E5F449A1A09219000A520D0 /* org.eclipse.ltk.core.refactoring.prefs in Resources */,
				4E5F44DC1A09219000A520D0 /* WMAppManifest.xml in Resources */,
				4E5F44AC1A09219000A520D0 /* Default-568h@2x.png in Resources */,
				4E5F44AE1A09219000A520D0 /* Default@2x.png in Resources */,
				4E5F44D41A09219000A520D0 /* EditBox.xaml in Resources */,
				4E5F449C1A09219000A520D0 /* ant.properties in Resources */,
				4E5F44B11A09219000A520D0 /* Icon-120.png in Resources */,
				4E5F44C71A09219000A520D0 /* RussianCube.sln in Resources */,
				4E5F44B31A09219000A520D0 /* Icon-152.png in Resources */,
				4E5F44E71A09219000A520D0 /* blocks1.png in Resources */,
				4E5F44A41A09219000A520D0 /* project.properties in Resources */,
				4E5F44CB1A09219000A520D0 /* App.xaml in Resources */,
				4E5F44ED1A09219000A520D0 /* Marker Felt.ttf in Resources */,
				4E5F44CC1A09219000A520D0 /* App.xaml.cs in Resources */,
				4E5F44E91A09219000A520D0 /* close_normal.png in Resources */,
				4E5F44E21A09219000A520D0 /* HelloCppComponent.vcxproj.filters in Resources */,
				4E5F44961A09219000A520D0 /* .cproject in Resources */,
				4E5F44D21A09219000A520D0 /* IconicTileMediumLarge.png in Resources */,
				4E5F449B1A09219000A520D0 /* AndroidManifest.xml in Resources */,
				4E5F44B51A09219000A520D0 /* Icon-40.png in Resources */,
				4E5F44EB1A09219000A520D0 /* CloseNormal.png in Resources */,
				4E5F44A11A09219000A520D0 /* Application.mk in Resources */,
				4E5F44D81A09219000A520D0 /* MainPage.xaml in Resources */,
				4E5F44BA1A09219000A520D0 /* Icon-76.png in Resources */,
				4E5F44D11A09219000A520D0 /* FlipCycleTileSmall.png in Resources */,
				4E5F44CF1A09219000A520D0 /* FlipCycleTileLarge.png in Resources */,
				4E5F44991A09219000A520D0 /* org.eclipse.cdt.core.prefs in Resources */,
				4E5F44A31A09219000A520D0 /* proguard-project.txt in Resources */,
				4E5F44C81A09219000A520D0 /* RussianCube.vcxproj in Resources */,
				4E5F44BC1A09219000A520D0 /* Info.plist in Resources */,
				4E5F44EE1A09219000A520D0 /* HelloWorld.png in Resources */,
				4E5F44DB1A09219000A520D0 /* AssemblyInfo.cs in Resources */,
				4E5F44DD1A09219000A520D0 /* AppResources.Designer.cs in Resources */,
				4E5F44BF1A09219000A520D0 /* Icon.icns in Resources */,
				4E5F44E41A09219000A520D0 /* back.png in Resources */,
				4E5F44BB1A09219000A520D0 /* Icon-80.png in Resources */,
				4E5F44D31A09219000A520D0 /* IconicTileSmall.png in Resources */,
				4E5F44DA1A09219000A520D0 /* AppManifest.xml in Resources */,
				4E5F44CE1A09219000A520D0 /* ApplicationIcon.png in Resources */,
				4E5F44EA1A09219000A520D0 /* close_selected.png in Resources */,
				4E5F44E11A09219000A520D0 /* HelloCppComponent.vcxproj in Resources */,
				4E5F44C61A09219000A520D0 /* game.ico in Resources */,
				4E5F44D91A09219000A520D0 /* MainPage.xaml.cs in Resources */,
				4E5F44971A09219000A520D0 /* .project in Resources */,
				4E5F44A81A09219000A520D0 /* icon.png in Resources */,
				4E5F449E1A09219000A520D0 /* build.xml in Resources */,
				4E5F44A61A09219000A520D0 /* icon.png in Resources */,
				4E5F44E61A09219000A520D0 /* blocks.png in Resources */,
				4E5F44C31A09219000A520D0 /* build-cfg.json in Resources */,
				4E5F44E51A09219000A520D0 /* back1.png in Resources */,
				4E5F44941A09219000A520D0 /* CMakeLists.txt in Resources */,
				4E5F449D1A09219000A520D0 /* build-cfg.json in Resources */,
				4E5F44981A09219000A520D0 /* org.eclipse.cdt.codan.core.prefs in Resources */,
				4E5F44D01A09219000A520D0 /* FlipCycleTileMedium.png in Resources */,
				4E5F44951A09219000A520D0 /* .classpath in Resources */,
				4E5F44DE1A09219000A520D0 /* AppResources.resx in Resources */,
				4E5F44EC1A09219000A520D0 /* CloseSelected.png in Resources */,
				4E5F44AF1A09219000A520D0 /* Icon-100.png in Resources */,
				4E5F44B01A09219000A520D0 /* Icon-114.png in Resources */,
				4E5F44B81A09219000A520D0 /* Icon-58.png in Resources */,
				4E5F44E81A09219000A520D0 /* blocks2.png in Resources */,
				4E5F44CA1A09219000A520D0 /* RussianCube.vcxproj.user in Resources */,
				4E5F44B61A09219000A520D0 /* Icon-50.png in Resources */,
				4E5F44C41A09219000A520D0 /* game.rc in Resources */,
				4E5F44B91A09219000A520D0 /* Icon-72.png in Resources */,
				4E5F44B21A09219000A520D0 /* Icon-144.png in Resources */,
				4E5F44AD1A09219000A520D0 /* Default.png in Resources */,
				4E5F44DF1A09219000A520D0 /* SplashScreenImage.jpg in Resources */,
				4E5F44C01A09219000A520D0 /* Info.plist in Resources */,
			);
			runOnlyForDeploymentPostprocessing = 0;
		};
		5087E74817EB910900C73F5D /* Resources */ = {
			isa = PBXResourcesBuildPhase;
			buildActionMask = 2147483647;
			files = (
			);
			runOnlyForDeploymentPostprocessing = 0;
		};
/* End PBXResourcesBuildPhase section */

/* Begin PBXSourcesBuildPhase section */
		1D60588E0D05DD3D006BFB54 /* Sources */ = {
			isa = PBXSourcesBuildPhase;
			buildActionMask = 2147483647;
			files = (
				4E5F44A51A09219000A520D0 /* README.md in Sources */,
				4E5F44901A09219000A520D0 /* AppDelegate.cpp in Sources */,
				4E5F44C21A09219000A520D0 /* main.cpp in Sources */,
				4E5F44E31A09219000A520D0 /* pch.cpp in Sources */,
				4E5F44911A09219000A520D0 /* game.cpp in Sources */,
				4E5F44921A09219000A520D0 /* HelloWorldScene.cpp in Sources */,
				4E5F44C11A09219000A520D0 /* main.cpp in Sources */,
				4E5F44A21A09219000A520D0 /* main.cpp in Sources */,
				4E5F44AB1A09219000A520D0 /* AppController.mm in Sources */,
				4E5F44BE1A09219000A520D0 /* RootViewController.mm in Sources */,
				4E5F44AA1A09219000A520D0 /* AppActivity.java in Sources */,
				4E5F44C51A09219000A520D0 /* main.cpp in Sources */,
				4E5F44BD1A09219000A520D0 /* main.m in Sources */,
				4E5F44931A09219000A520D0 /* PlatformCocos2DX.cpp in Sources */,
			);
			runOnlyForDeploymentPostprocessing = 0;
		};
		5087E75617EB910900C73F5D /* Sources */ = {
			isa = PBXSourcesBuildPhase;
			buildActionMask = 2147483647;
			files = (
			);
			runOnlyForDeploymentPostprocessing = 0;
		};
/* End PBXSourcesBuildPhase section */

/* Begin PBXTargetDependency section */
		1AC6FB16180E9959004C840B /* PBXTargetDependency */ = {
			isa = PBXTargetDependency;
			name = "cocos2dx Mac";
			targetProxy = 1AC6FB15180E9959004C840B /* PBXContainerItemProxy */;
		};
		1AC6FB18180E9959004C840B /* PBXTargetDependency */ = {
			isa = PBXTargetDependency;
			name = "cocos2dx-extensions Mac";
			targetProxy = 1AC6FB17180E9959004C840B /* PBXContainerItemProxy */;
		};
		1AC6FB1A180E9959004C840B /* PBXTargetDependency */ = {
			isa = PBXTargetDependency;
			name = "chipmunk Mac";
			targetProxy = 1AC6FB19180E9959004C840B /* PBXContainerItemProxy */;
		};
		1AC6FB1C180E9959004C840B /* PBXTargetDependency */ = {
			isa = PBXTargetDependency;
			name = "CocosDenshion Mac";
			targetProxy = 1AC6FB1B180E9959004C840B /* PBXContainerItemProxy */;
		};
		1AC6FB1E180E9963004C840B /* PBXTargetDependency */ = {
			isa = PBXTargetDependency;
			name = "box2d Mac";
			targetProxy = 1AC6FB1D180E9963004C840B /* PBXContainerItemProxy */;
		};
		1AC6FB25180E99E1004C840B /* PBXTargetDependency */ = {
			isa = PBXTargetDependency;
			name = "cocos2dx iOS";
			targetProxy = 1AC6FB24180E99E1004C840B /* PBXContainerItemProxy */;
		};
		1AC6FB27180E99E1004C840B /* PBXTargetDependency */ = {
			isa = PBXTargetDependency;
			name = "cocos2dx-extensions iOS";
			targetProxy = 1AC6FB26180E99E1004C840B /* PBXContainerItemProxy */;
		};
		1AC6FB29180E99E1004C840B /* PBXTargetDependency */ = {
			isa = PBXTargetDependency;
			name = "chipmunk iOS";
			targetProxy = 1AC6FB28180E99E1004C840B /* PBXContainerItemProxy */;
		};
		1AC6FB2B180E99E1004C840B /* PBXTargetDependency */ = {
			isa = PBXTargetDependency;
			name = "box2d iOS";
			targetProxy = 1AC6FB2A180E99E1004C840B /* PBXContainerItemProxy */;
		};
		1AC6FB2D180E99E1004C840B /* PBXTargetDependency */ = {
			isa = PBXTargetDependency;
			name = "CocosDenshion iOS";
			targetProxy = 1AC6FB2C180E99E1004C840B /* PBXContainerItemProxy */;
		};
/* End PBXTargetDependency section */

/* Begin XCBuildConfiguration section */
		1D6058940D05DD3E006BFB54 /* Debug */ = {
			isa = XCBuildConfiguration;
			buildSettings = {
				ALWAYS_SEARCH_USER_PATHS = YES;
				CODE_SIGN_IDENTITY = "iPhone Developer";
				COMPRESS_PNG_FILES = NO;
				GCC_DYNAMIC_NO_PIC = NO;
				GCC_INLINES_ARE_PRIVATE_EXTERN = NO;
				GCC_PRECOMPILE_PREFIX_HEADER = YES;
				GCC_PREFIX_HEADER = ios/Prefix.pch;
				GCC_PREPROCESSOR_DEFINITIONS = (
					USE_FILE32API,
					CC_TARGET_OS_IPHONE,
					"COCOS2D_DEBUG=1",
					"CC_ENABLE_CHIPMUNK_INTEGRATION=1",
				);
				GCC_SYMBOLS_PRIVATE_EXTERN = NO;
				HEADER_SEARCH_PATHS = (
					"$(inherited)",
					"$(SRCROOT)/../cocos2d/cocos/platform/ios",
					"$(SRCROOT)/../cocos2d/cocos/platform/ios/Simulation",
				);
				INFOPLIST_FILE = ios/Info.plist;
				IPHONEOS_DEPLOYMENT_TARGET = 5.0;
				LIBRARY_SEARCH_PATHS = "";
				SDKROOT = iphoneos;
				TARGETED_DEVICE_FAMILY = "1,2";
				USER_HEADER_SEARCH_PATHS = "";
			};
			name = Debug;
		};
		1D6058950D05DD3E006BFB54 /* Release */ = {
			isa = XCBuildConfiguration;
			buildSettings = {
				ALWAYS_SEARCH_USER_PATHS = YES;
				CODE_SIGN_IDENTITY = "iPhone Developer";
				COMPRESS_PNG_FILES = NO;
				GCC_INLINES_ARE_PRIVATE_EXTERN = NO;
				GCC_PRECOMPILE_PREFIX_HEADER = YES;
				GCC_PREFIX_HEADER = ios/Prefix.pch;
				GCC_PREPROCESSOR_DEFINITIONS = (
					USE_FILE32API,
					CC_TARGET_OS_IPHONE,
					"CC_ENABLE_CHIPMUNK_INTEGRATION=1",
				);
				GCC_SYMBOLS_PRIVATE_EXTERN = NO;
				HEADER_SEARCH_PATHS = (
					"$(inherited)",
					"$(SRCROOT)/../cocos2d/cocos/platform/ios",
					"$(SRCROOT)/../cocos2d/cocos/platform/ios/Simulation",
				);
				INFOPLIST_FILE = ios/Info.plist;
				IPHONEOS_DEPLOYMENT_TARGET = 5.0;
				LIBRARY_SEARCH_PATHS = "";
				SDKROOT = iphoneos;
				TARGETED_DEVICE_FAMILY = "1,2";
				USER_HEADER_SEARCH_PATHS = "";
			};
			name = Release;
		};
		5087E76D17EB910900C73F5D /* Debug */ = {
			isa = XCBuildConfiguration;
			buildSettings = {
				ALWAYS_SEARCH_USER_PATHS = YES;
				CLANG_CXX_LANGUAGE_STANDARD = "c++0x";
				CLANG_CXX_LIBRARY = "libc++";
				COMBINE_HIDPI_IMAGES = YES;
				GCC_DYNAMIC_NO_PIC = NO;
				GCC_INLINES_ARE_PRIVATE_EXTERN = NO;
				GCC_PRECOMPILE_PREFIX_HEADER = YES;
				GCC_PREFIX_HEADER = mac/Prefix.pch;
				GCC_PREPROCESSOR_DEFINITIONS = (
					USE_FILE32API,
					CC_TARGET_OS_MAC,
					"COCOS2D_DEBUG=1",
					"CC_ENABLE_CHIPMUNK_INTEGRATION=1",
				);
				GCC_SYMBOLS_PRIVATE_EXTERN = NO;
				HEADER_SEARCH_PATHS = (
					"$(inherited)",
					"$(SRCROOT)/../cocos2d/cocos/platform/mac",
					"$(SRCROOT)/../cocos2d/external/glfw3/include/mac",
				);
				INFOPLIST_FILE = mac/Info.plist;
				LIBRARY_SEARCH_PATHS = "";
				USER_HEADER_SEARCH_PATHS = "";
			};
			name = Debug;
		};
		5087E76E17EB910900C73F5D /* Release */ = {
			isa = XCBuildConfiguration;
			buildSettings = {
				ALWAYS_SEARCH_USER_PATHS = YES;
				CLANG_CXX_LANGUAGE_STANDARD = "c++0x";
				CLANG_CXX_LIBRARY = "libc++";
				COMBINE_HIDPI_IMAGES = YES;
				GCC_INLINES_ARE_PRIVATE_EXTERN = NO;
				GCC_PRECOMPILE_PREFIX_HEADER = YES;
				GCC_PREFIX_HEADER = mac/Prefix.pch;
				GCC_PREPROCESSOR_DEFINITIONS = (
					USE_FILE32API,
					CC_TARGET_OS_MAC,
					"CC_ENABLE_CHIPMUNK_INTEGRATION=1",
				);
				GCC_SYMBOLS_PRIVATE_EXTERN = NO;
				HEADER_SEARCH_PATHS = (
					"$(inherited)",
					"$(SRCROOT)/../cocos2d/cocos/platform/mac",
					"$(SRCROOT)/../cocos2d/external/glfw3/include/mac",
				);
				INFOPLIST_FILE = mac/Info.plist;
				LIBRARY_SEARCH_PATHS = "";
				USER_HEADER_SEARCH_PATHS = "";
			};
			name = Release;
		};
		C01FCF4F08A954540054247B /* Debug */ = {
			isa = XCBuildConfiguration;
			buildSettings = {
				CLANG_CXX_LANGUAGE_STANDARD = "c++0x";
				CLANG_CXX_LIBRARY = "libc++";
				"CLANG_CXX_LIBRARY[arch=*]" = "libc++";
				COPY_PHASE_STRIP = NO;
				GCC_OPTIMIZATION_LEVEL = 0;
				GCC_WARN_ABOUT_RETURN_TYPE = YES;
				GCC_WARN_UNUSED_VARIABLE = YES;
				HEADER_SEARCH_PATHS = (
					"$(SRCROOT)/../cocos2d",
					"$(SRCROOT)/../cocos2d/cocos",
					"$(SRCROOT)/../cocos2d/cocos/base",
					"$(SRCROOT)/../cocos2d/cocos/physics",
					"$(SRCROOT)/../cocos2d/cocos/math",
					"$(SRCROOT)/../cocos2d/cocos/2d",
					"$(SRCROOT)/../cocos2d/cocos/ui",
					"$(SRCROOT)/../cocos2d/cocos/network",
					"$(SRCROOT)/../cocos2d/cocos/audio/include",
					"$(SRCROOT)/../cocos2d/cocos/editor-support",
					"$(SRCROOT)/../cocos2d/extensions",
					"$(SRCROOT)/../cocos2d/external",
					"$(SRCROOT)/../cocos2d/external/chipmunk/include/chipmunk",
				);
				MACOSX_DEPLOYMENT_TARGET = 10.7;
				ONLY_ACTIVE_ARCH = YES;
				PRODUCT_NAME = "$(TARGET_NAME)";
				SDKROOT = macosx;
			};
			name = Debug;
		};
		C01FCF5008A954540054247B /* Release */ = {
			isa = XCBuildConfiguration;
			buildSettings = {
				CLANG_CXX_LANGUAGE_STANDARD = "c++0x";
				CLANG_CXX_LIBRARY = "libc++";
				GCC_WARN_ABOUT_RETURN_TYPE = YES;
				GCC_WARN_UNUSED_VARIABLE = YES;
				HEADER_SEARCH_PATHS = (
					"$(SRCROOT)/../cocos2d",
					"$(SRCROOT)/../cocos2d/cocos",
					"$(SRCROOT)/../cocos2d/cocos/base",
					"$(SRCROOT)/../cocos2d/cocos/physics",
					"$(SRCROOT)/../cocos2d/cocos/math",
					"$(SRCROOT)/../cocos2d/cocos/2d",
					"$(SRCROOT)/../cocos2d/cocos/ui",
					"$(SRCROOT)/../cocos2d/cocos/network",
					"$(SRCROOT)/../cocos2d/cocos/audio/include",
					"$(SRCROOT)/../cocos2d/cocos/editor-support",
					"$(SRCROOT)/../cocos2d/extensions",
					"$(SRCROOT)/../cocos2d/external",
					"$(SRCROOT)/../cocos2d/external/chipmunk/include/chipmunk",
				);
				MACOSX_DEPLOYMENT_TARGET = 10.7;
				OTHER_CFLAGS = "-DNS_BLOCK_ASSERTIONS=1";
				PRODUCT_NAME = "$(TARGET_NAME)";
				SDKROOT = macosx;
				VALIDATE_PRODUCT = YES;
			};
			name = Release;
		};
/* End XCBuildConfiguration section */

/* Begin XCConfigurationList section */
		1D6058960D05DD3E006BFB54 /* Build configuration list for PBXNativeTarget "NewGame iOS" */ = {
			isa = XCConfigurationList;
			buildConfigurations = (
				1D6058940D05DD3E006BFB54 /* Debug */,
				1D6058950D05DD3E006BFB54 /* Release */,
			);
			defaultConfigurationIsVisible = 0;
			defaultConfigurationName = Debug;
		};
		5087E76C17EB910900C73F5D /* Build configuration list for PBXNativeTarget "NewGame Mac" */ = {
			isa = XCConfigurationList;
			buildConfigurations = (
				5087E76D17EB910900C73F5D /* Debug */,
				5087E76E17EB910900C73F5D /* Release */,
			);
			defaultConfigurationIsVisible = 0;
			defaultConfigurationName = Debug;
		};
		C01FCF4E08A954540054247B /* Build configuration list for PBXProject "NewGame" */ = {
			isa = XCConfigurationList;
			buildConfigurations = (
				C01FCF4F08A954540054247B /* Debug */,
				C01FCF5008A954540054247B /* Release */,
			);
			defaultConfigurationIsVisible = 0;
			defaultConfigurationName = Debug;
		};
/* End XCConfigurationList section */
	};
	rootObject = 29B97313FDCFA39411CA2CEA /* Project object */;
}
